
Microsoft Visual Studio Solution File, Format Version 12.00
# Visual Studio Version 17
VisualStudioVersion = 17.5.002.0
MinimumVisualStudioVersion = 10.0.40219.1
Project("{2150E333-8FDC-42A3-9474-1A3956D46DE8}") = "Day_01", "Day_01", "{48FD1749-A48C-431F-9239-A943E186DFC9}"
EndProject
Project("{9A19103F-16F7-4668-BE54-9A1E7A4F7556}") = "Day_01", "Day_01\src\Day_01.csproj", "{FAC85721-9CA6-4CD9-9509-2F7AADF1DA2F}"
EndProject
Project("{9A19103F-16F7-4668-BE54-9A1E7A4F7556}") = "Day_01_Test", "Day_01\test\Day_01_Test.csproj", "{6CA703E1-2DB6-4B2E-8FB2-3E9512BD7F6C}"
EndProject
Global
	GlobalSection(SolutionConfigurationPlatforms) = preSolution
		Debug|Any CPU = Debug|Any CPU
		Release|Any CPU = Release|Any CPU
	EndGlobalSection
	GlobalSection(ProjectConfigurationPlatforms) = postSolution
		{FAC85721-9CA6-4CD9-9509-2F7AADF1DA2F}.Debug|Any CPU.ActiveCfg = Debug|Any CPU
		{FAC85721-9CA6-4CD9-9509-2F7AADF1DA2F}.Debug|Any CPU.Build.0 = Debug|Any CPU
		{FAC85721-9CA6-4CD9-9509-2F7AADF1DA2F}.Release|Any CPU.ActiveCfg = Release|Any CPU
		{FAC85721-9CA6-4CD9-9509-2F7AADF1DA2F}.Release|Any CPU.Build.0 = Release|Any CPU
		{6CA703E1-2DB6-4B2E-8FB2-3E9512BD7F6C}.Debug|Any CPU.ActiveCfg = Debug|Any CPU
		{6CA703E1-2DB6-4B2E-8FB2-3E9512BD7F6C}.Debug|Any CPU.Build.0 = Debug|Any CPU
		{6CA703E1-2DB6-4B2E-8FB2-3E9512BD7F6C}.Release|Any CPU.ActiveCfg = Release|Any CPU
		{6CA703E1-2DB6-4B2E-8FB2-3E9512BD7F6C}.Release|Any CPU.Build.0 = Release|Any CPU
	EndGlobalSection
	GlobalSection(SolutionProperties) = preSolution
		HideSolutionNode = FALSE
	EndGlobalSection
	GlobalSection(NestedProjects) = preSolution
		{FAC85721-9CA6-4CD9-9509-2F7AADF1DA2F} = {48FD1749-A48C-431F-9239-A943E186DFC9}
		{6CA703E1-2DB6-4B2E-8FB2-3E9512BD7F6C} = {48FD1749-A48C-431F-9239-A943E186DFC9}
	EndGlobalSection
	GlobalSection(ExtensibilityGlobals) = postSolution
		SolutionGuid = {933EDD35-55A5-4333-B32B-0BE6C495FBCC}
	EndGlobalSection
EndGlobal
