
Microsoft Visual Studio Solution File, Format Version 12.00
# Visual Studio Version 17
VisualStudioVersion = 17.5.002.0
MinimumVisualStudioVersion = 10.0.40219.1
Project("{2150E333-8FDC-42A3-9474-1A3956D46DE8}") = "2018", "2018", "{B313B289-1FE7-4DB1-9DD4-94BC69A5BAB9}"
EndProject
Project("{9A19103F-16F7-4668-BE54-9A1E7A4F7556}") = "Day 1", "2018\Day 1\Day 1.csproj", "{F8DE20EF-F7D7-48AA-9CF8-9998EF8ACC11}"
EndProject
Project("{9A19103F-16F7-4668-BE54-9A1E7A4F7556}") = "Day 2", "2018\Day 2\Day 2.csproj", "{16346FC0-1332-41C2-8904-966CA0B39C1C}"
EndProject
Project("{9A19103F-16F7-4668-BE54-9A1E7A4F7556}") = "Day 3", "2018\Day 3\Day 3.csproj", "{F065AC9E-96E2-452E-96B6-FA537619C9A8}"
EndProject
Project("{9A19103F-16F7-4668-BE54-9A1E7A4F7556}") = "Day 4", "2018\Day 4\Day 4.csproj", "{B6928DC1-6BE8-437B-8E3E-AED79FC30656}"
EndProject
Project("{9A19103F-16F7-4668-BE54-9A1E7A4F7556}") = "Day 5", "2018\Day 5\Day 5.csproj", "{79C89906-E6C9-4623-BF31-6E6AFB8292DE}"
EndProject
Project("{9A19103F-16F7-4668-BE54-9A1E7A4F7556}") = "AdventOfCode", "2018\Day 6\AdventOfCode.csproj", "{6233EC17-33B5-4476-9903-FB3304450EBD}"
EndProject
Project("{9A19103F-16F7-4668-BE54-9A1E7A4F7556}") = "Day 7", "2018\Day 7\Day 7.csproj", "{4C0AC3D3-B6FA-49CF-9051-E96B3F9D38B3}"
EndProject
Project("{2150E333-8FDC-42A3-9474-1A3956D46DE8}") = "Template", "Template", "{79952095-564F-4BBA-9DAC-17D3898B6614}"
EndProject
Project("{9A19103F-16F7-4668-BE54-9A1E7A4F7556}") = "Day_D", "Template\src\Day_D.csproj", "{9B95BA44-35F2-44A2-B9FD-18C07D08F2CB}"
EndProject
Project("{9A19103F-16F7-4668-BE54-9A1E7A4F7556}") = "Day_D_Test", "Template\test\Day_D_Test.csproj", "{2BFEC395-9565-4180-A398-F6F168195CFA}"
EndProject
Project("{2150E333-8FDC-42A3-9474-1A3956D46DE8}") = "2015", "2015", "{8C1491C4-25E1-4DF6-9205-66FCC2A1C36A}"
EndProject
Project("{2150E333-8FDC-42A3-9474-1A3956D46DE8}") = "Day_01", "Day_01", "{F0D143C1-87B2-4D80-9804-9B2560A6E4C3}"
EndProject
Project("{9A19103F-16F7-4668-BE54-9A1E7A4F7556}") = "Day_01", "2015\Day_01\src\Day_01.csproj", "{09E130E2-A78C-444D-8D6E-77DE7A0CFBC4}"
EndProject
Project("{9A19103F-16F7-4668-BE54-9A1E7A4F7556}") = "Day_01_Test", "2015\Day_01\test\Day_01_Test.csproj", "{F15B702D-69C6-49E0-9442-DCCADD3EFEC5}"
EndProject
Project("{2150E333-8FDC-42A3-9474-1A3956D46DE8}") = "Day_02", "Day_02", "{974497E4-B422-474C-A9EC-18FBE28C07B3}"
EndProject
Project("{9A19103F-16F7-4668-BE54-9A1E7A4F7556}") = "Day_02", "2015\Day_02\src\Day_02.csproj", "{145E5697-1AE6-4491-827E-AC3A8F30BAA4}"
EndProject
Project("{9A19103F-16F7-4668-BE54-9A1E7A4F7556}") = "Day_02_Test", "2015\Day_02\test\Day_02_Test.csproj", "{6DB748BD-76E9-4ECB-8C95-EA12AAB2A126}"
EndProject
Project("{2150E333-8FDC-42A3-9474-1A3956D46DE8}") = "Day_03", "Day_03", "{2485B218-E6CF-4E03-8466-13D14113183A}"
EndProject
Project("{9A19103F-16F7-4668-BE54-9A1E7A4F7556}") = "Day_03", "2015\Day_03\src\Day_03.csproj", "{A2CE5D27-910B-48EB-86A6-865FDE9B12F3}"
EndProject
Project("{9A19103F-16F7-4668-BE54-9A1E7A4F7556}") = "Day_03_Test", "2015\Day_03\test\Day_03_Test.csproj", "{28C2CC3E-D5D0-4757-B808-B992D982ECDE}"
EndProject
Project("{2150E333-8FDC-42A3-9474-1A3956D46DE8}") = "Day_04", "Day_04", "{B6B1F463-EAD8-474A-8EBF-6BFCF488B740}"
EndProject
Project("{9A19103F-16F7-4668-BE54-9A1E7A4F7556}") = "Day_04", "2015\Day_04\src\Day_04.csproj", "{506844AA-ED9E-483E-A6F1-E7F1E74548CE}"
EndProject
Project("{9A19103F-16F7-4668-BE54-9A1E7A4F7556}") = "Day_04_Test", "2015\Day_04\test\Day_04_Test.csproj", "{C4CB6355-0D94-49FB-8DDC-43CD66F2C1BB}"
EndProject
Project("{2150E333-8FDC-42A3-9474-1A3956D46DE8}") = "Day_05", "Day_05", "{DED76014-3FE7-489C-9F44-8D8C9C327C2C}"
EndProject
Project("{9A19103F-16F7-4668-BE54-9A1E7A4F7556}") = "Day_05", "2015\Day_05\src\Day_05.csproj", "{8959652F-5D75-4CB5-9FEE-3DF35AE69132}"
EndProject
Project("{9A19103F-16F7-4668-BE54-9A1E7A4F7556}") = "Day_05_Test", "2015\Day_05\test\Day_05_Test.csproj", "{A6792782-A16C-4652-BD92-7E8D467807ED}"
EndProject
Project("{2150E333-8FDC-42A3-9474-1A3956D46DE8}") = "Day_06", "Day_06", "{372E59AE-614D-408E-8196-EE552025B3CC}"
EndProject
Project("{9A19103F-16F7-4668-BE54-9A1E7A4F7556}") = "Day_06", "2015\Day_06\src\Day_06.csproj", "{5CA1D213-877E-4131-9CC2-AF150F764D3F}"
EndProject
Project("{9A19103F-16F7-4668-BE54-9A1E7A4F7556}") = "Day_06_Test", "2015\Day_06\test\Day_06_Test.csproj", "{3522F0D4-964C-4EDC-BA8C-0D0F31C71BFC}"
EndProject
Project("{2150E333-8FDC-42A3-9474-1A3956D46DE8}") = "2019", "2019", "{DAC26608-DE94-4B4F-8F2A-1443DDB64407}"
EndProject
Project("{2150E333-8FDC-42A3-9474-1A3956D46DE8}") = "Day_01", "Day_01", "{5ED183EC-8C72-4298-A3F0-C03BC7DEA5B5}"
EndProject
Project("{9A19103F-16F7-4668-BE54-9A1E7A4F7556}") = "Day_01", "2019\Day_01\src\Day_01.csproj", "{C4A846F6-062D-4AE6-8D25-0284856CF4E8}"
EndProject
Project("{9A19103F-16F7-4668-BE54-9A1E7A4F7556}") = "Day_01_Test", "2019\Day_01\test\Day_01_Test.csproj", "{BB5A244B-1CE5-4812-8281-0DD56B6DEBA4}"
EndProject
Project("{2150E333-8FDC-42A3-9474-1A3956D46DE8}") = "Day_02", "Day_02", "{B3CFFD29-B885-4EB5-92BE-46EE658FD78A}"
EndProject
Project("{9A19103F-16F7-4668-BE54-9A1E7A4F7556}") = "Day_02", "2019\Day_02\src\Day_02.csproj", "{695FE718-5837-410C-86C3-E0AEE9C5E3F7}"
EndProject
Project("{9A19103F-16F7-4668-BE54-9A1E7A4F7556}") = "Day_02_Test", "2019\Day_02\test\Day_02_Test.csproj", "{3DFF67BA-7417-42C2-BB02-628693DB4974}"
EndProject
Project("{2150E333-8FDC-42A3-9474-1A3956D46DE8}") = "Day_03", "Day_03", "{ECF996B7-1053-40DB-AD7B-39190C7EFEA6}"
EndProject
Project("{9A19103F-16F7-4668-BE54-9A1E7A4F7556}") = "Day_03", "2019\Day_03\src\Day_03.csproj", "{CD5A1DB8-2B45-4B42-8E2E-91BBAAAC9E49}"
EndProject
Project("{9A19103F-16F7-4668-BE54-9A1E7A4F7556}") = "Day_03_Test", "2019\Day_03\test\Day_03_Test.csproj", "{EAB0F7E6-93C1-41BE-BC07-903BFE4C2F17}"
EndProject
Project("{2150E333-8FDC-42A3-9474-1A3956D46DE8}") = "Day_04", "Day_04", "{E9A317D5-DD5A-4CDF-BC24-C8FFF4B1A007}"
EndProject
Project("{9A19103F-16F7-4668-BE54-9A1E7A4F7556}") = "Day_04", "2019\Day_04\src\Day_04.csproj", "{B5022F18-674E-493D-8FB3-DC0DD224ED4C}"
EndProject
Project("{9A19103F-16F7-4668-BE54-9A1E7A4F7556}") = "Day_04_Test", "2019\Day_04\test\Day_04_Test.csproj", "{DD12D5AD-BF28-4264-9318-16A3DD8B0C43}"
EndProject
Project("{2150E333-8FDC-42A3-9474-1A3956D46DE8}") = "Day_05", "Day_05", "{E50A4DB8-FEDD-4DB6-B65D-D94575BC6600}"
EndProject
Project("{9A19103F-16F7-4668-BE54-9A1E7A4F7556}") = "Day_05", "2019\Day_05\src\Day_05.csproj", "{F8F8F915-5330-49F6-B6DE-CB66F9151842}"
EndProject
Project("{2150E333-8FDC-42A3-9474-1A3956D46DE8}") = "Day_06", "Day_06", "{44E3998F-5383-409D-8811-9EDCF2AC5FC4}"
EndProject
Project("{9A19103F-16F7-4668-BE54-9A1E7A4F7556}") = "Day_06", "2019\Day_06\src\Day_06.csproj", "{27CA55E0-F6E5-4FB8-A060-83E187063841}"
EndProject
Project("{2150E333-8FDC-42A3-9474-1A3956D46DE8}") = "Day_07", "Day_07", "{E72E3F48-758B-4112-AFFF-B328ED2B4959}"
EndProject
Project("{9A19103F-16F7-4668-BE54-9A1E7A4F7556}") = "Day_07", "2019\Day_07\src\Day_07.csproj", "{B920A404-BC58-4548-94A9-B0EE02B64D1E}"
EndProject
Project("{9A19103F-16F7-4668-BE54-9A1E7A4F7556}") = "Day_07_Test", "2019\Day_07\test\Day_07_Test.csproj", "{B890F66C-C2E8-47D4-90B5-B6D0B612F867}"
EndProject
Project("{2150E333-8FDC-42A3-9474-1A3956D46DE8}") = "Day_08", "Day_08", "{6679B6F4-2501-4F21-9C3B-C36B7002C35B}"
EndProject
Project("{9A19103F-16F7-4668-BE54-9A1E7A4F7556}") = "Day_08", "2019\Day_08\src\Day_08.csproj", "{32253111-5A88-4540-AE71-2584924C0AC1}"
EndProject
Project("{2150E333-8FDC-42A3-9474-1A3956D46DE8}") = "Day_09", "Day_09", "{045CADEA-9473-4DCF-B734-54EF334B4348}"
EndProject
Project("{9A19103F-16F7-4668-BE54-9A1E7A4F7556}") = "Day_09", "2019\Day_09\src\Day_09.csproj", "{C1CA88BF-A947-46C9-90E6-76D199A3B17F}"
EndProject
Project("{2150E333-8FDC-42A3-9474-1A3956D46DE8}") = "Day_10", "Day_10", "{738C97E8-CE6A-491C-A4C7-F2D264E279DD}"
EndProject
Project("{9A19103F-16F7-4668-BE54-9A1E7A4F7556}") = "Day_10", "2019\Day_10\src\Day_10.csproj", "{AFBE6635-53B4-4532-A57F-9345D7065EE6}"
EndProject
Project("{9A19103F-16F7-4668-BE54-9A1E7A4F7556}") = "Day_10_Test", "2019\Day_10\test\Day_10_Test.csproj", "{8AFDC1FD-417F-45A7-B3EB-AB064DD2BA45}"
EndProject
Project("{2150E333-8FDC-42A3-9474-1A3956D46DE8}") = "Day_11", "Day_11", "{6429680B-98F4-403B-9952-6DA278BC9AF9}"
EndProject
Project("{9A19103F-16F7-4668-BE54-9A1E7A4F7556}") = "Day_11", "2019\Day_11\src\Day_11.csproj", "{666CC30B-6583-425B-9514-C9C4FA6F72F7}"
EndProject
Project("{2150E333-8FDC-42A3-9474-1A3956D46DE8}") = "Day_12", "Day_12", "{D7F8546F-A7D0-4213-ADCF-4A079F856773}"
EndProject
Project("{9A19103F-16F7-4668-BE54-9A1E7A4F7556}") = "Day_12", "2019\Day_12\src\Day_12.csproj", "{33CAA234-58F6-49A8-94D9-48EFD8B9AEBD}"
EndProject
Project("{9A19103F-16F7-4668-BE54-9A1E7A4F7556}") = "Day_12_Test", "2019\Day_12\test\Day_12_Test.csproj", "{E2B5F7E7-FD63-43CE-B7EF-54E745A99806}"
EndProject
Project("{2150E333-8FDC-42A3-9474-1A3956D46DE8}") = "Day_13", "Day_13", "{1E3C8F6F-18CC-4F39-B6BF-600592A37408}"
EndProject
Project("{9A19103F-16F7-4668-BE54-9A1E7A4F7556}") = "Day_13", "2019\Day_13\src\Day_13.csproj", "{79093C12-1877-4B2F-94E7-59ADDEE37E5B}"
EndProject
Project("{9A19103F-16F7-4668-BE54-9A1E7A4F7556}") = "Day_13_Test", "2019\Day_13\test\Day_13_Test.csproj", "{8405BCC4-B41B-4B8A-9083-4FA44784EF59}"
EndProject
Project("{2150E333-8FDC-42A3-9474-1A3956D46DE8}") = "2020", "2020", "{8403B7D1-D00A-4F79-9F69-F55B42A6BCA8}"
EndProject
Project("{2150E333-8FDC-42A3-9474-1A3956D46DE8}") = "Day_01", "Day_01", "{1498275E-7639-47C5-9D75-65E97AFA71BA}"
EndProject
Project("{9A19103F-16F7-4668-BE54-9A1E7A4F7556}") = "Day_01", "2020\Day_01\src\Day_01.csproj", "{F13ECBCF-BA2F-4551-8595-90F05D6467A7}"
EndProject
Project("{9A19103F-16F7-4668-BE54-9A1E7A4F7556}") = "Day_01_Test", "2020\Day_01\test\Day_01_Test.csproj", "{98EBF56A-79E8-47C2-B1F6-9B06065B75DB}"
EndProject
Project("{2150E333-8FDC-42A3-9474-1A3956D46DE8}") = "Day_02", "Day_02", "{9FC184DA-7D50-4DBD-8CAB-3CC57181C379}"
EndProject
Project("{9A19103F-16F7-4668-BE54-9A1E7A4F7556}") = "Day_02", "2020\Day_02\src\Day_02.csproj", "{E0407962-E3C7-4139-BB0A-EEDA460BA706}"
EndProject
Project("{9A19103F-16F7-4668-BE54-9A1E7A4F7556}") = "Day_02_Test", "2020\Day_02\test\Day_02_Test.csproj", "{BE5BD50B-F91D-42A0-A3BF-3322312F2985}"
EndProject
Project("{2150E333-8FDC-42A3-9474-1A3956D46DE8}") = "Day_03", "Day_03", "{C6C5B7EB-0BF5-48BF-86A5-581CFCCC543F}"
EndProject
Project("{9A19103F-16F7-4668-BE54-9A1E7A4F7556}") = "Day_03", "2020\Day_03\src\Day_03.csproj", "{4484778E-A8DD-41CF-9533-E18707A1FF05}"
EndProject
Project("{9A19103F-16F7-4668-BE54-9A1E7A4F7556}") = "Day_03_Test", "2020\Day_03\test\Day_03_Test.csproj", "{F7E756FF-CA22-490D-9880-24B6612D86E9}"
EndProject
Project("{2150E333-8FDC-42A3-9474-1A3956D46DE8}") = "Day_04", "Day_04", "{2D96DFE7-342B-483C-B8D8-3BE3B58B6250}"
EndProject
Project("{9A19103F-16F7-4668-BE54-9A1E7A4F7556}") = "Day_04", "2020\Day_04\src\Day_04.csproj", "{7FD17B9C-725C-4AFE-9DCF-5B5ED8FF1FD2}"
EndProject
Project("{9A19103F-16F7-4668-BE54-9A1E7A4F7556}") = "Day_04_Test", "2020\Day_04\test\Day_04_Test.csproj", "{147D6504-4E16-468F-8470-EDC3E99BB5C8}"
EndProject
Project("{2150E333-8FDC-42A3-9474-1A3956D46DE8}") = "Day_05", "Day_05", "{9458042C-066F-4E18-A09B-3236C4DFFA2D}"
EndProject
Project("{9A19103F-16F7-4668-BE54-9A1E7A4F7556}") = "Day_05", "2020\Day_05\src\Day_05.csproj", "{47E951EB-3895-420E-AC69-BCF57A9F5AEB}"
EndProject
Project("{9A19103F-16F7-4668-BE54-9A1E7A4F7556}") = "Day_05_Test", "2020\Day_05\test\Day_05_Test.csproj", "{D47C0E77-7A82-421B-98D6-1F8DD8944EE2}"
EndProject
Project("{2150E333-8FDC-42A3-9474-1A3956D46DE8}") = "Day_06", "Day_06", "{2FD45F4C-3A48-4D01-A9BF-551FC413137E}"
EndProject
Project("{9A19103F-16F7-4668-BE54-9A1E7A4F7556}") = "Day_06", "2020\Day_06\src\Day_06.csproj", "{65C3A5CD-BA71-4908-8C69-513DF812D8E0}"
EndProject
Project("{9A19103F-16F7-4668-BE54-9A1E7A4F7556}") = "Day_06_Test", "2020\Day_06\test\Day_06_Test.csproj", "{E009C703-8569-4069-AEE6-360B37830787}"
EndProject
Project("{2150E333-8FDC-42A3-9474-1A3956D46DE8}") = "Day_07", "Day_07", "{5A66831A-B179-4BF8-A812-594F7597CC38}"
EndProject
Project("{9A19103F-16F7-4668-BE54-9A1E7A4F7556}") = "Day_07", "2020\Day_07\src\Day_07.csproj", "{C1CAA4D5-60E4-4131-AB60-4B8DEA391D65}"
EndProject
Project("{9A19103F-16F7-4668-BE54-9A1E7A4F7556}") = "Day_07_Test", "2020\Day_07\test\Day_07_Test.csproj", "{C6ADC311-8B0E-47E7-8268-0D5B0CE460ED}"
EndProject
Project("{2150E333-8FDC-42A3-9474-1A3956D46DE8}") = "Day_08", "Day_08", "{D2753A80-B08A-4AA2-A55E-50C41CCEC811}"
EndProject
Project("{9A19103F-16F7-4668-BE54-9A1E7A4F7556}") = "Day_08", "2020\Day_08\src\Day_08.csproj", "{FA686390-CE42-4FF0-B030-D51F7A0A1519}"
EndProject
Project("{9A19103F-16F7-4668-BE54-9A1E7A4F7556}") = "Day_08_Test", "2020\Day_08\test\Day_08_Test.csproj", "{8F66CDF7-8901-4CDB-88F2-2421D6F05895}"
EndProject
Project("{2150E333-8FDC-42A3-9474-1A3956D46DE8}") = "Day_09", "Day_09", "{11AC1D0C-C8C6-498C-B9AC-EC6B2C5E9C43}"
EndProject
Project("{9A19103F-16F7-4668-BE54-9A1E7A4F7556}") = "Day_09", "2020\Day_09\src\Day_09.csproj", "{C5470681-3549-4556-BD00-3624FEC22805}"
EndProject
Project("{9A19103F-16F7-4668-BE54-9A1E7A4F7556}") = "Day_09_Test", "2020\Day_09\test\Day_09_Test.csproj", "{F9B779A3-BEB5-463E-AB18-2D11A293A1EE}"
EndProject
Project("{2150E333-8FDC-42A3-9474-1A3956D46DE8}") = "2021", "2021", "{E7EA84E8-A5DE-4994-B217-553F47001FCE}"
EndProject
Project("{2150E333-8FDC-42A3-9474-1A3956D46DE8}") = "Day_01", "Day_01", "{21920CDB-E595-43A8-B99D-BD03DCDED1CD}"
EndProject
Project("{9A19103F-16F7-4668-BE54-9A1E7A4F7556}") = "Day_01", "2021\Day_01\src\Day_01.csproj", "{7653E296-BD96-4568-AFDA-D9DA033CE46B}"
EndProject
Project("{9A19103F-16F7-4668-BE54-9A1E7A4F7556}") = "Day_01_Test", "2021\Day_01\test\Day_01_Test.csproj", "{E2EA31F6-166C-43F0-AB67-97A5601F5A77}"
EndProject
Project("{2150E333-8FDC-42A3-9474-1A3956D46DE8}") = "Day_02", "Day_02", "{E54FFEC7-F27E-4E4D-B76E-E0426DB8AB6E}"
EndProject
Project("{9A19103F-16F7-4668-BE54-9A1E7A4F7556}") = "Day_02", "2021\Day_02\src\Day_02.csproj", "{7B64D487-C9E8-4E23-98CF-6E1235A8E54E}"
EndProject
Project("{9A19103F-16F7-4668-BE54-9A1E7A4F7556}") = "Day_02_Test", "2021\Day_02\test\Day_02_Test.csproj", "{B3DD7A60-93CF-490D-8EC7-1171AD631FC4}"
EndProject
Project("{2150E333-8FDC-42A3-9474-1A3956D46DE8}") = "Day_03", "Day_03", "{713649EC-AB61-46B5-B159-B9CBEE50F78A}"
EndProject
Project("{9A19103F-16F7-4668-BE54-9A1E7A4F7556}") = "Day_03", "2021\Day_03\src\Day_03.csproj", "{B8C23376-380E-4F4F-90BA-C3258E245D1B}"
EndProject
Project("{9A19103F-16F7-4668-BE54-9A1E7A4F7556}") = "Day_03_Test", "2021\Day_03\test\Day_03_Test.csproj", "{96C473EE-391B-4932-A482-EBC87A23D66E}"
EndProject
Project("{2150E333-8FDC-42A3-9474-1A3956D46DE8}") = "2022", "2022", "{D9D7853F-1FBA-4DF9-BC57-8DF24DB95CCB}"
EndProject
Project("{2150E333-8FDC-42A3-9474-1A3956D46DE8}") = "Day_01", "Day_01", "{F1E3A3DB-E6EC-4D0F-A587-48F72D2E8059}"
EndProject
Project("{9A19103F-16F7-4668-BE54-9A1E7A4F7556}") = "Day_01", "2022\Day_01\src\Day_01.csproj", "{0CB12427-3533-4471-873F-43885640A9D9}"
EndProject
Project("{9A19103F-16F7-4668-BE54-9A1E7A4F7556}") = "Day_01_Test", "2022\Day_01\test\Day_01_Test.csproj", "{7BB13703-4F07-44F7-95B3-E344AA49E98C}"
EndProject
Project("{2150E333-8FDC-42A3-9474-1A3956D46DE8}") = "Day_02", "Day_02", "{6F19184D-21A1-4E15-B1CC-89AD03126191}"
EndProject
Project("{9A19103F-16F7-4668-BE54-9A1E7A4F7556}") = "Day_02", "2022\Day_02\src\Day_02.csproj", "{3DD51B5E-33DA-402B-A615-25161C5A3A0B}"
EndProject
Project("{9A19103F-16F7-4668-BE54-9A1E7A4F7556}") = "Day_02_Test", "2022\Day_02\test\Day_02_Test.csproj", "{9458033F-7159-4DC3-A0D9-A36BBB05D07C}"
EndProject
Project("{2150E333-8FDC-42A3-9474-1A3956D46DE8}") = "Day_03", "Day_03", "{6A958147-FC37-4F3E-858D-F602EDA89A8B}"
EndProject
Project("{9A19103F-16F7-4668-BE54-9A1E7A4F7556}") = "Day_03", "2022\Day_03\src\Day_03.csproj", "{664BBF27-B24A-40F8-BCAD-AEEB75440616}"
EndProject
Project("{9A19103F-16F7-4668-BE54-9A1E7A4F7556}") = "Day_03_Test", "2022\Day_03\test\Day_03_Test.csproj", "{F453FAD7-8251-4406-9BD2-D263110A6F76}"
EndProject
Project("{2150E333-8FDC-42A3-9474-1A3956D46DE8}") = "Day_04", "Day_04", "{372E8004-62E7-47D6-B7B4-67B2C51BE156}"
EndProject
Project("{9A19103F-16F7-4668-BE54-9A1E7A4F7556}") = "Day_04", "2022\Day_04\src\Day_04.csproj", "{AA485A8A-6A3B-4D1A-AD4B-75A776A71C5F}"
EndProject
Project("{9A19103F-16F7-4668-BE54-9A1E7A4F7556}") = "Day_04_Test", "2022\Day_04\test\Day_04_Test.csproj", "{6C3A3FEF-6ADC-4873-9C79-E050B0BCB22F}"
EndProject
Project("{2150E333-8FDC-42A3-9474-1A3956D46DE8}") = "Day_05", "Day_05", "{44B0ACA9-382D-42C4-9FA0-CA68F5248CFB}"
EndProject
Project("{9A19103F-16F7-4668-BE54-9A1E7A4F7556}") = "Day_05", "2022\Day_05\src\Day_05.csproj", "{B8D39414-F092-4E73-80F0-A8ECEA024DCD}"
EndProject
Project("{9A19103F-16F7-4668-BE54-9A1E7A4F7556}") = "Day_05_Test", "2022\Day_05\test\Day_05_Test.csproj", "{6C8536BF-D157-4E55-BC92-21826A9105B8}"
EndProject
Project("{2150E333-8FDC-42A3-9474-1A3956D46DE8}") = "Day_06", "Day_06", "{C86D4D41-C405-439E-99F9-CC2514F66206}"
EndProject
Project("{9A19103F-16F7-4668-BE54-9A1E7A4F7556}") = "Day_06", "2022\Day_06\src\Day_06.csproj", "{4F0AD475-EC36-407F-939D-CA8CCE70B141}"
EndProject
Project("{9A19103F-16F7-4668-BE54-9A1E7A4F7556}") = "Day_06_Test", "2022\Day_06\test\Day_06_Test.csproj", "{EF6B8723-28B0-41EF-9A6C-0FEDE47B3C26}"
EndProject
Project("{2150E333-8FDC-42A3-9474-1A3956D46DE8}") = "Day_07", "Day_07", "{C529B915-FEA0-46F6-91DD-B67D9AD8E151}"
EndProject
Project("{9A19103F-16F7-4668-BE54-9A1E7A4F7556}") = "Day_07", "2022\Day_07\src\Day_07.csproj", "{B336BCA9-56C8-4E2B-91E7-E5490595D1E7}"
EndProject
Project("{9A19103F-16F7-4668-BE54-9A1E7A4F7556}") = "Day_07_Test", "2022\Day_07\test\Day_07_Test.csproj", "{3B07485D-277B-4B4A-B267-D74F276D97CB}"
EndProject
Project("{2150E333-8FDC-42A3-9474-1A3956D46DE8}") = "Day_08", "Day_08", "{AC866507-756E-4B96-87B5-DA2DE37EC61E}"
EndProject
Project("{9A19103F-16F7-4668-BE54-9A1E7A4F7556}") = "Day_08", "2022\Day_08\src\Day_08.csproj", "{B67451B5-D213-42CF-93CA-7468BE58BF34}"
EndProject
Project("{9A19103F-16F7-4668-BE54-9A1E7A4F7556}") = "Day_08_Test", "2022\Day_08\test\Day_08_Test.csproj", "{B890F23F-2B7B-49C1-9E01-C273644F0F8E}"
EndProject
Project("{2150E333-8FDC-42A3-9474-1A3956D46DE8}") = "Day_09", "Day_09", "{40A85AE9-603D-4BA8-B3C4-1E3261EB7E5F}"
EndProject
Project("{9A19103F-16F7-4668-BE54-9A1E7A4F7556}") = "Day_09", "2022\Day_09\src\Day_09.csproj", "{4E98C3F8-D5BF-403A-9861-CD752BD6E167}"
EndProject
Project("{9A19103F-16F7-4668-BE54-9A1E7A4F7556}") = "Day_09_Test", "2022\Day_09\test\Day_09_Test.csproj", "{959C7BBF-DA91-40A9-AEBA-F8C898737DE5}"
EndProject
Project("{2150E333-8FDC-42A3-9474-1A3956D46DE8}") = "Day_10", "Day_10", "{3E8D6342-8C3A-4D85-B089-EBAF2CCB38C2}"
EndProject
Project("{9A19103F-16F7-4668-BE54-9A1E7A4F7556}") = "Day_10", "2022\Day_10\src\Day_10.csproj", "{735CD674-16CF-40CF-B564-14B73994892A}"
EndProject
Project("{9A19103F-16F7-4668-BE54-9A1E7A4F7556}") = "Day_10_Test", "2022\Day_10\test\Day_10_Test.csproj", "{2A97E46D-B04A-4815-83F4-A599BEE038DC}"
EndProject
Project("{2150E333-8FDC-42A3-9474-1A3956D46DE8}") = "Day_11", "Day_11", "{22AF3620-4267-46E9-9B8D-F40A4EC13527}"
EndProject
Project("{9A19103F-16F7-4668-BE54-9A1E7A4F7556}") = "Day_11", "2022\Day_11\src\Day_11.csproj", "{72FE49C1-A176-446F-82CA-63A06D7EE970}"
EndProject
Project("{2150E333-8FDC-42A3-9474-1A3956D46DE8}") = "Day_12", "Day_12", "{CEAE87EF-FBB6-43FD-8E22-9E7A88F5D788}"
EndProject
Project("{9A19103F-16F7-4668-BE54-9A1E7A4F7556}") = "Day_12", "2022\Day_12\src\Day_12.csproj", "{9B541153-78E5-4AD3-B6CE-183ACC9ED9A7}"
EndProject
Project("{2150E333-8FDC-42A3-9474-1A3956D46DE8}") = "Day_13", "Day_13", "{5BE5660B-F879-4925-916B-E7E9C98B1A27}"
EndProject
Project("{9A19103F-16F7-4668-BE54-9A1E7A4F7556}") = "Day_13", "2022\Day_13\src\Day_13.csproj", "{BC1199F2-C747-4A43-BF11-39A80E6A7C0D}"
EndProject
Project("{2150E333-8FDC-42A3-9474-1A3956D46DE8}") = "Day_14", "Day_14", "{D07CC543-8D67-4065-B3AC-5DB5CBE454FB}"
EndProject
Project("{9A19103F-16F7-4668-BE54-9A1E7A4F7556}") = "Day_14", "2022\Day_14\src\Day_14.csproj", "{9490BE40-B095-4971-8FF3-4D8B98EAE8B5}"
EndProject
Project("{2150E333-8FDC-42A3-9474-1A3956D46DE8}") = "Day_15", "Day_15", "{7A935F49-E45E-4730-93FD-FF96296ADD9F}"
EndProject
Project("{9A19103F-16F7-4668-BE54-9A1E7A4F7556}") = "Day_15", "2022\Day_15\src\Day_15.csproj", "{3633E029-0278-4BC8-A812-7FAAD49D7F4B}"
EndProject
Project("{2150E333-8FDC-42A3-9474-1A3956D46DE8}") = "Day_16", "Day_16", "{B773A1F7-5CE1-4676-9E08-C9BF24329939}"
EndProject
Project("{9A19103F-16F7-4668-BE54-9A1E7A4F7556}") = "Day_16", "2022\Day_16\src\Day_16.csproj", "{2FC5F0A5-8552-47A6-9E36-413152992887}"
EndProject
Global
	GlobalSection(SolutionConfigurationPlatforms) = preSolution
		Debug|Any CPU = Debug|Any CPU
		Release|Any CPU = Release|Any CPU
	EndGlobalSection
	GlobalSection(ProjectConfigurationPlatforms) = postSolution
		{F8DE20EF-F7D7-48AA-9CF8-9998EF8ACC11}.Debug|Any CPU.ActiveCfg = Debug|Any CPU
		{F8DE20EF-F7D7-48AA-9CF8-9998EF8ACC11}.Debug|Any CPU.Build.0 = Debug|Any CPU
		{F8DE20EF-F7D7-48AA-9CF8-9998EF8ACC11}.Release|Any CPU.ActiveCfg = Release|Any CPU
		{F8DE20EF-F7D7-48AA-9CF8-9998EF8ACC11}.Release|Any CPU.Build.0 = Release|Any CPU
		{16346FC0-1332-41C2-8904-966CA0B39C1C}.Debug|Any CPU.ActiveCfg = Debug|Any CPU
		{16346FC0-1332-41C2-8904-966CA0B39C1C}.Debug|Any CPU.Build.0 = Debug|Any CPU
		{16346FC0-1332-41C2-8904-966CA0B39C1C}.Release|Any CPU.ActiveCfg = Release|Any CPU
		{16346FC0-1332-41C2-8904-966CA0B39C1C}.Release|Any CPU.Build.0 = Release|Any CPU
		{F065AC9E-96E2-452E-96B6-FA537619C9A8}.Debug|Any CPU.ActiveCfg = Debug|Any CPU
		{F065AC9E-96E2-452E-96B6-FA537619C9A8}.Debug|Any CPU.Build.0 = Debug|Any CPU
		{F065AC9E-96E2-452E-96B6-FA537619C9A8}.Release|Any CPU.ActiveCfg = Release|Any CPU
		{F065AC9E-96E2-452E-96B6-FA537619C9A8}.Release|Any CPU.Build.0 = Release|Any CPU
		{B6928DC1-6BE8-437B-8E3E-AED79FC30656}.Debug|Any CPU.ActiveCfg = Debug|Any CPU
		{B6928DC1-6BE8-437B-8E3E-AED79FC30656}.Debug|Any CPU.Build.0 = Debug|Any CPU
		{B6928DC1-6BE8-437B-8E3E-AED79FC30656}.Release|Any CPU.ActiveCfg = Release|Any CPU
		{B6928DC1-6BE8-437B-8E3E-AED79FC30656}.Release|Any CPU.Build.0 = Release|Any CPU
		{79C89906-E6C9-4623-BF31-6E6AFB8292DE}.Debug|Any CPU.ActiveCfg = Debug|Any CPU
		{79C89906-E6C9-4623-BF31-6E6AFB8292DE}.Debug|Any CPU.Build.0 = Debug|Any CPU
		{79C89906-E6C9-4623-BF31-6E6AFB8292DE}.Release|Any CPU.ActiveCfg = Release|Any CPU
		{79C89906-E6C9-4623-BF31-6E6AFB8292DE}.Release|Any CPU.Build.0 = Release|Any CPU
		{6233EC17-33B5-4476-9903-FB3304450EBD}.Debug|Any CPU.ActiveCfg = Debug|Any CPU
		{6233EC17-33B5-4476-9903-FB3304450EBD}.Debug|Any CPU.Build.0 = Debug|Any CPU
		{6233EC17-33B5-4476-9903-FB3304450EBD}.Release|Any CPU.ActiveCfg = Release|Any CPU
		{6233EC17-33B5-4476-9903-FB3304450EBD}.Release|Any CPU.Build.0 = Release|Any CPU
		{4C0AC3D3-B6FA-49CF-9051-E96B3F9D38B3}.Debug|Any CPU.ActiveCfg = Debug|Any CPU
		{4C0AC3D3-B6FA-49CF-9051-E96B3F9D38B3}.Debug|Any CPU.Build.0 = Debug|Any CPU
		{4C0AC3D3-B6FA-49CF-9051-E96B3F9D38B3}.Release|Any CPU.ActiveCfg = Release|Any CPU
		{4C0AC3D3-B6FA-49CF-9051-E96B3F9D38B3}.Release|Any CPU.Build.0 = Release|Any CPU
		{9B95BA44-35F2-44A2-B9FD-18C07D08F2CB}.Debug|Any CPU.ActiveCfg = Debug|Any CPU
		{9B95BA44-35F2-44A2-B9FD-18C07D08F2CB}.Debug|Any CPU.Build.0 = Debug|Any CPU
		{9B95BA44-35F2-44A2-B9FD-18C07D08F2CB}.Release|Any CPU.ActiveCfg = Release|Any CPU
		{9B95BA44-35F2-44A2-B9FD-18C07D08F2CB}.Release|Any CPU.Build.0 = Release|Any CPU
		{2BFEC395-9565-4180-A398-F6F168195CFA}.Debug|Any CPU.ActiveCfg = Debug|Any CPU
		{2BFEC395-9565-4180-A398-F6F168195CFA}.Debug|Any CPU.Build.0 = Debug|Any CPU
		{2BFEC395-9565-4180-A398-F6F168195CFA}.Release|Any CPU.ActiveCfg = Release|Any CPU
		{2BFEC395-9565-4180-A398-F6F168195CFA}.Release|Any CPU.Build.0 = Release|Any CPU
		{09E130E2-A78C-444D-8D6E-77DE7A0CFBC4}.Debug|Any CPU.ActiveCfg = Debug|Any CPU
		{09E130E2-A78C-444D-8D6E-77DE7A0CFBC4}.Debug|Any CPU.Build.0 = Debug|Any CPU
		{09E130E2-A78C-444D-8D6E-77DE7A0CFBC4}.Release|Any CPU.ActiveCfg = Release|Any CPU
		{09E130E2-A78C-444D-8D6E-77DE7A0CFBC4}.Release|Any CPU.Build.0 = Release|Any CPU
		{F15B702D-69C6-49E0-9442-DCCADD3EFEC5}.Debug|Any CPU.ActiveCfg = Debug|Any CPU
		{F15B702D-69C6-49E0-9442-DCCADD3EFEC5}.Debug|Any CPU.Build.0 = Debug|Any CPU
		{F15B702D-69C6-49E0-9442-DCCADD3EFEC5}.Release|Any CPU.ActiveCfg = Release|Any CPU
		{F15B702D-69C6-49E0-9442-DCCADD3EFEC5}.Release|Any CPU.Build.0 = Release|Any CPU
		{145E5697-1AE6-4491-827E-AC3A8F30BAA4}.Debug|Any CPU.ActiveCfg = Debug|Any CPU
		{145E5697-1AE6-4491-827E-AC3A8F30BAA4}.Debug|Any CPU.Build.0 = Debug|Any CPU
		{145E5697-1AE6-4491-827E-AC3A8F30BAA4}.Release|Any CPU.ActiveCfg = Release|Any CPU
		{145E5697-1AE6-4491-827E-AC3A8F30BAA4}.Release|Any CPU.Build.0 = Release|Any CPU
		{6DB748BD-76E9-4ECB-8C95-EA12AAB2A126}.Debug|Any CPU.ActiveCfg = Debug|Any CPU
		{6DB748BD-76E9-4ECB-8C95-EA12AAB2A126}.Debug|Any CPU.Build.0 = Debug|Any CPU
		{6DB748BD-76E9-4ECB-8C95-EA12AAB2A126}.Release|Any CPU.ActiveCfg = Release|Any CPU
		{6DB748BD-76E9-4ECB-8C95-EA12AAB2A126}.Release|Any CPU.Build.0 = Release|Any CPU
		{A2CE5D27-910B-48EB-86A6-865FDE9B12F3}.Debug|Any CPU.ActiveCfg = Debug|Any CPU
		{A2CE5D27-910B-48EB-86A6-865FDE9B12F3}.Debug|Any CPU.Build.0 = Debug|Any CPU
		{A2CE5D27-910B-48EB-86A6-865FDE9B12F3}.Release|Any CPU.ActiveCfg = Release|Any CPU
		{A2CE5D27-910B-48EB-86A6-865FDE9B12F3}.Release|Any CPU.Build.0 = Release|Any CPU
		{28C2CC3E-D5D0-4757-B808-B992D982ECDE}.Debug|Any CPU.ActiveCfg = Debug|Any CPU
		{28C2CC3E-D5D0-4757-B808-B992D982ECDE}.Debug|Any CPU.Build.0 = Debug|Any CPU
		{28C2CC3E-D5D0-4757-B808-B992D982ECDE}.Release|Any CPU.ActiveCfg = Release|Any CPU
		{28C2CC3E-D5D0-4757-B808-B992D982ECDE}.Release|Any CPU.Build.0 = Release|Any CPU
		{506844AA-ED9E-483E-A6F1-E7F1E74548CE}.Debug|Any CPU.ActiveCfg = Debug|Any CPU
		{506844AA-ED9E-483E-A6F1-E7F1E74548CE}.Debug|Any CPU.Build.0 = Debug|Any CPU
		{506844AA-ED9E-483E-A6F1-E7F1E74548CE}.Release|Any CPU.ActiveCfg = Release|Any CPU
		{506844AA-ED9E-483E-A6F1-E7F1E74548CE}.Release|Any CPU.Build.0 = Release|Any CPU
		{C4CB6355-0D94-49FB-8DDC-43CD66F2C1BB}.Debug|Any CPU.ActiveCfg = Debug|Any CPU
		{C4CB6355-0D94-49FB-8DDC-43CD66F2C1BB}.Debug|Any CPU.Build.0 = Debug|Any CPU
		{C4CB6355-0D94-49FB-8DDC-43CD66F2C1BB}.Release|Any CPU.ActiveCfg = Release|Any CPU
		{C4CB6355-0D94-49FB-8DDC-43CD66F2C1BB}.Release|Any CPU.Build.0 = Release|Any CPU
		{8959652F-5D75-4CB5-9FEE-3DF35AE69132}.Debug|Any CPU.ActiveCfg = Debug|Any CPU
		{8959652F-5D75-4CB5-9FEE-3DF35AE69132}.Debug|Any CPU.Build.0 = Debug|Any CPU
		{8959652F-5D75-4CB5-9FEE-3DF35AE69132}.Release|Any CPU.ActiveCfg = Release|Any CPU
		{8959652F-5D75-4CB5-9FEE-3DF35AE69132}.Release|Any CPU.Build.0 = Release|Any CPU
		{A6792782-A16C-4652-BD92-7E8D467807ED}.Debug|Any CPU.ActiveCfg = Debug|Any CPU
		{A6792782-A16C-4652-BD92-7E8D467807ED}.Debug|Any CPU.Build.0 = Debug|Any CPU
		{A6792782-A16C-4652-BD92-7E8D467807ED}.Release|Any CPU.ActiveCfg = Release|Any CPU
		{A6792782-A16C-4652-BD92-7E8D467807ED}.Release|Any CPU.Build.0 = Release|Any CPU
		{5CA1D213-877E-4131-9CC2-AF150F764D3F}.Debug|Any CPU.ActiveCfg = Debug|Any CPU
		{5CA1D213-877E-4131-9CC2-AF150F764D3F}.Debug|Any CPU.Build.0 = Debug|Any CPU
		{5CA1D213-877E-4131-9CC2-AF150F764D3F}.Release|Any CPU.ActiveCfg = Release|Any CPU
		{5CA1D213-877E-4131-9CC2-AF150F764D3F}.Release|Any CPU.Build.0 = Release|Any CPU
		{3522F0D4-964C-4EDC-BA8C-0D0F31C71BFC}.Debug|Any CPU.ActiveCfg = Debug|Any CPU
		{3522F0D4-964C-4EDC-BA8C-0D0F31C71BFC}.Debug|Any CPU.Build.0 = Debug|Any CPU
		{3522F0D4-964C-4EDC-BA8C-0D0F31C71BFC}.Release|Any CPU.ActiveCfg = Release|Any CPU
		{3522F0D4-964C-4EDC-BA8C-0D0F31C71BFC}.Release|Any CPU.Build.0 = Release|Any CPU
		{C4A846F6-062D-4AE6-8D25-0284856CF4E8}.Debug|Any CPU.ActiveCfg = Debug|Any CPU
		{C4A846F6-062D-4AE6-8D25-0284856CF4E8}.Debug|Any CPU.Build.0 = Debug|Any CPU
		{C4A846F6-062D-4AE6-8D25-0284856CF4E8}.Release|Any CPU.ActiveCfg = Release|Any CPU
		{C4A846F6-062D-4AE6-8D25-0284856CF4E8}.Release|Any CPU.Build.0 = Release|Any CPU
		{BB5A244B-1CE5-4812-8281-0DD56B6DEBA4}.Debug|Any CPU.ActiveCfg = Debug|Any CPU
		{BB5A244B-1CE5-4812-8281-0DD56B6DEBA4}.Debug|Any CPU.Build.0 = Debug|Any CPU
		{BB5A244B-1CE5-4812-8281-0DD56B6DEBA4}.Release|Any CPU.ActiveCfg = Release|Any CPU
		{BB5A244B-1CE5-4812-8281-0DD56B6DEBA4}.Release|Any CPU.Build.0 = Release|Any CPU
		{695FE718-5837-410C-86C3-E0AEE9C5E3F7}.Debug|Any CPU.ActiveCfg = Debug|Any CPU
		{695FE718-5837-410C-86C3-E0AEE9C5E3F7}.Debug|Any CPU.Build.0 = Debug|Any CPU
		{695FE718-5837-410C-86C3-E0AEE9C5E3F7}.Release|Any CPU.ActiveCfg = Release|Any CPU
		{695FE718-5837-410C-86C3-E0AEE9C5E3F7}.Release|Any CPU.Build.0 = Release|Any CPU
		{3DFF67BA-7417-42C2-BB02-628693DB4974}.Debug|Any CPU.ActiveCfg = Debug|Any CPU
		{3DFF67BA-7417-42C2-BB02-628693DB4974}.Debug|Any CPU.Build.0 = Debug|Any CPU
		{3DFF67BA-7417-42C2-BB02-628693DB4974}.Release|Any CPU.ActiveCfg = Release|Any CPU
		{3DFF67BA-7417-42C2-BB02-628693DB4974}.Release|Any CPU.Build.0 = Release|Any CPU
		{CD5A1DB8-2B45-4B42-8E2E-91BBAAAC9E49}.Debug|Any CPU.ActiveCfg = Debug|Any CPU
		{CD5A1DB8-2B45-4B42-8E2E-91BBAAAC9E49}.Debug|Any CPU.Build.0 = Debug|Any CPU
		{CD5A1DB8-2B45-4B42-8E2E-91BBAAAC9E49}.Release|Any CPU.ActiveCfg = Release|Any CPU
		{CD5A1DB8-2B45-4B42-8E2E-91BBAAAC9E49}.Release|Any CPU.Build.0 = Release|Any CPU
		{EAB0F7E6-93C1-41BE-BC07-903BFE4C2F17}.Debug|Any CPU.ActiveCfg = Debug|Any CPU
		{EAB0F7E6-93C1-41BE-BC07-903BFE4C2F17}.Debug|Any CPU.Build.0 = Debug|Any CPU
		{EAB0F7E6-93C1-41BE-BC07-903BFE4C2F17}.Release|Any CPU.ActiveCfg = Release|Any CPU
		{EAB0F7E6-93C1-41BE-BC07-903BFE4C2F17}.Release|Any CPU.Build.0 = Release|Any CPU
		{B5022F18-674E-493D-8FB3-DC0DD224ED4C}.Debug|Any CPU.ActiveCfg = Debug|Any CPU
		{B5022F18-674E-493D-8FB3-DC0DD224ED4C}.Debug|Any CPU.Build.0 = Debug|Any CPU
		{B5022F18-674E-493D-8FB3-DC0DD224ED4C}.Release|Any CPU.ActiveCfg = Release|Any CPU
		{B5022F18-674E-493D-8FB3-DC0DD224ED4C}.Release|Any CPU.Build.0 = Release|Any CPU
		{DD12D5AD-BF28-4264-9318-16A3DD8B0C43}.Debug|Any CPU.ActiveCfg = Debug|Any CPU
		{DD12D5AD-BF28-4264-9318-16A3DD8B0C43}.Debug|Any CPU.Build.0 = Debug|Any CPU
		{DD12D5AD-BF28-4264-9318-16A3DD8B0C43}.Release|Any CPU.ActiveCfg = Release|Any CPU
		{DD12D5AD-BF28-4264-9318-16A3DD8B0C43}.Release|Any CPU.Build.0 = Release|Any CPU
		{F8F8F915-5330-49F6-B6DE-CB66F9151842}.Debug|Any CPU.ActiveCfg = Debug|Any CPU
		{F8F8F915-5330-49F6-B6DE-CB66F9151842}.Debug|Any CPU.Build.0 = Debug|Any CPU
		{F8F8F915-5330-49F6-B6DE-CB66F9151842}.Release|Any CPU.ActiveCfg = Release|Any CPU
		{F8F8F915-5330-49F6-B6DE-CB66F9151842}.Release|Any CPU.Build.0 = Release|Any CPU
		{27CA55E0-F6E5-4FB8-A060-83E187063841}.Debug|Any CPU.ActiveCfg = Debug|Any CPU
		{27CA55E0-F6E5-4FB8-A060-83E187063841}.Debug|Any CPU.Build.0 = Debug|Any CPU
		{27CA55E0-F6E5-4FB8-A060-83E187063841}.Release|Any CPU.ActiveCfg = Release|Any CPU
		{27CA55E0-F6E5-4FB8-A060-83E187063841}.Release|Any CPU.Build.0 = Release|Any CPU
		{B920A404-BC58-4548-94A9-B0EE02B64D1E}.Debug|Any CPU.ActiveCfg = Debug|Any CPU
		{B920A404-BC58-4548-94A9-B0EE02B64D1E}.Debug|Any CPU.Build.0 = Debug|Any CPU
		{B920A404-BC58-4548-94A9-B0EE02B64D1E}.Release|Any CPU.ActiveCfg = Release|Any CPU
		{B920A404-BC58-4548-94A9-B0EE02B64D1E}.Release|Any CPU.Build.0 = Release|Any CPU
		{B890F66C-C2E8-47D4-90B5-B6D0B612F867}.Debug|Any CPU.ActiveCfg = Debug|Any CPU
		{B890F66C-C2E8-47D4-90B5-B6D0B612F867}.Debug|Any CPU.Build.0 = Debug|Any CPU
		{B890F66C-C2E8-47D4-90B5-B6D0B612F867}.Release|Any CPU.ActiveCfg = Release|Any CPU
		{B890F66C-C2E8-47D4-90B5-B6D0B612F867}.Release|Any CPU.Build.0 = Release|Any CPU
		{32253111-5A88-4540-AE71-2584924C0AC1}.Debug|Any CPU.ActiveCfg = Debug|Any CPU
		{32253111-5A88-4540-AE71-2584924C0AC1}.Debug|Any CPU.Build.0 = Debug|Any CPU
		{32253111-5A88-4540-AE71-2584924C0AC1}.Release|Any CPU.ActiveCfg = Release|Any CPU
		{32253111-5A88-4540-AE71-2584924C0AC1}.Release|Any CPU.Build.0 = Release|Any CPU
		{C1CA88BF-A947-46C9-90E6-76D199A3B17F}.Debug|Any CPU.ActiveCfg = Debug|Any CPU
		{C1CA88BF-A947-46C9-90E6-76D199A3B17F}.Debug|Any CPU.Build.0 = Debug|Any CPU
		{C1CA88BF-A947-46C9-90E6-76D199A3B17F}.Release|Any CPU.ActiveCfg = Release|Any CPU
		{C1CA88BF-A947-46C9-90E6-76D199A3B17F}.Release|Any CPU.Build.0 = Release|Any CPU
		{AFBE6635-53B4-4532-A57F-9345D7065EE6}.Debug|Any CPU.ActiveCfg = Debug|Any CPU
		{AFBE6635-53B4-4532-A57F-9345D7065EE6}.Debug|Any CPU.Build.0 = Debug|Any CPU
		{AFBE6635-53B4-4532-A57F-9345D7065EE6}.Release|Any CPU.ActiveCfg = Release|Any CPU
		{AFBE6635-53B4-4532-A57F-9345D7065EE6}.Release|Any CPU.Build.0 = Release|Any CPU
		{8AFDC1FD-417F-45A7-B3EB-AB064DD2BA45}.Debug|Any CPU.ActiveCfg = Debug|Any CPU
		{8AFDC1FD-417F-45A7-B3EB-AB064DD2BA45}.Debug|Any CPU.Build.0 = Debug|Any CPU
		{8AFDC1FD-417F-45A7-B3EB-AB064DD2BA45}.Release|Any CPU.ActiveCfg = Release|Any CPU
		{8AFDC1FD-417F-45A7-B3EB-AB064DD2BA45}.Release|Any CPU.Build.0 = Release|Any CPU
		{666CC30B-6583-425B-9514-C9C4FA6F72F7}.Debug|Any CPU.ActiveCfg = Debug|Any CPU
		{666CC30B-6583-425B-9514-C9C4FA6F72F7}.Debug|Any CPU.Build.0 = Debug|Any CPU
		{666CC30B-6583-425B-9514-C9C4FA6F72F7}.Release|Any CPU.ActiveCfg = Release|Any CPU
		{666CC30B-6583-425B-9514-C9C4FA6F72F7}.Release|Any CPU.Build.0 = Release|Any CPU
		{33CAA234-58F6-49A8-94D9-48EFD8B9AEBD}.Debug|Any CPU.ActiveCfg = Debug|Any CPU
		{33CAA234-58F6-49A8-94D9-48EFD8B9AEBD}.Debug|Any CPU.Build.0 = Debug|Any CPU
		{33CAA234-58F6-49A8-94D9-48EFD8B9AEBD}.Release|Any CPU.ActiveCfg = Release|Any CPU
		{33CAA234-58F6-49A8-94D9-48EFD8B9AEBD}.Release|Any CPU.Build.0 = Release|Any CPU
		{E2B5F7E7-FD63-43CE-B7EF-54E745A99806}.Debug|Any CPU.ActiveCfg = Debug|Any CPU
		{E2B5F7E7-FD63-43CE-B7EF-54E745A99806}.Debug|Any CPU.Build.0 = Debug|Any CPU
		{E2B5F7E7-FD63-43CE-B7EF-54E745A99806}.Release|Any CPU.ActiveCfg = Release|Any CPU
		{E2B5F7E7-FD63-43CE-B7EF-54E745A99806}.Release|Any CPU.Build.0 = Release|Any CPU
		{79093C12-1877-4B2F-94E7-59ADDEE37E5B}.Debug|Any CPU.ActiveCfg = Debug|Any CPU
		{79093C12-1877-4B2F-94E7-59ADDEE37E5B}.Debug|Any CPU.Build.0 = Debug|Any CPU
		{79093C12-1877-4B2F-94E7-59ADDEE37E5B}.Release|Any CPU.ActiveCfg = Release|Any CPU
		{79093C12-1877-4B2F-94E7-59ADDEE37E5B}.Release|Any CPU.Build.0 = Release|Any CPU
		{8405BCC4-B41B-4B8A-9083-4FA44784EF59}.Debug|Any CPU.ActiveCfg = Debug|Any CPU
		{8405BCC4-B41B-4B8A-9083-4FA44784EF59}.Debug|Any CPU.Build.0 = Debug|Any CPU
		{8405BCC4-B41B-4B8A-9083-4FA44784EF59}.Release|Any CPU.ActiveCfg = Release|Any CPU
		{8405BCC4-B41B-4B8A-9083-4FA44784EF59}.Release|Any CPU.Build.0 = Release|Any CPU
		{F13ECBCF-BA2F-4551-8595-90F05D6467A7}.Debug|Any CPU.ActiveCfg = Debug|Any CPU
		{F13ECBCF-BA2F-4551-8595-90F05D6467A7}.Debug|Any CPU.Build.0 = Debug|Any CPU
		{F13ECBCF-BA2F-4551-8595-90F05D6467A7}.Release|Any CPU.ActiveCfg = Release|Any CPU
		{F13ECBCF-BA2F-4551-8595-90F05D6467A7}.Release|Any CPU.Build.0 = Release|Any CPU
		{98EBF56A-79E8-47C2-B1F6-9B06065B75DB}.Debug|Any CPU.ActiveCfg = Debug|Any CPU
		{98EBF56A-79E8-47C2-B1F6-9B06065B75DB}.Debug|Any CPU.Build.0 = Debug|Any CPU
		{98EBF56A-79E8-47C2-B1F6-9B06065B75DB}.Release|Any CPU.ActiveCfg = Release|Any CPU
		{98EBF56A-79E8-47C2-B1F6-9B06065B75DB}.Release|Any CPU.Build.0 = Release|Any CPU
		{E0407962-E3C7-4139-BB0A-EEDA460BA706}.Debug|Any CPU.ActiveCfg = Debug|Any CPU
		{E0407962-E3C7-4139-BB0A-EEDA460BA706}.Debug|Any CPU.Build.0 = Debug|Any CPU
		{E0407962-E3C7-4139-BB0A-EEDA460BA706}.Release|Any CPU.ActiveCfg = Release|Any CPU
		{E0407962-E3C7-4139-BB0A-EEDA460BA706}.Release|Any CPU.Build.0 = Release|Any CPU
		{BE5BD50B-F91D-42A0-A3BF-3322312F2985}.Debug|Any CPU.ActiveCfg = Debug|Any CPU
		{BE5BD50B-F91D-42A0-A3BF-3322312F2985}.Debug|Any CPU.Build.0 = Debug|Any CPU
		{BE5BD50B-F91D-42A0-A3BF-3322312F2985}.Release|Any CPU.ActiveCfg = Release|Any CPU
		{BE5BD50B-F91D-42A0-A3BF-3322312F2985}.Release|Any CPU.Build.0 = Release|Any CPU
		{4484778E-A8DD-41CF-9533-E18707A1FF05}.Debug|Any CPU.ActiveCfg = Debug|Any CPU
		{4484778E-A8DD-41CF-9533-E18707A1FF05}.Debug|Any CPU.Build.0 = Debug|Any CPU
		{4484778E-A8DD-41CF-9533-E18707A1FF05}.Release|Any CPU.ActiveCfg = Release|Any CPU
		{4484778E-A8DD-41CF-9533-E18707A1FF05}.Release|Any CPU.Build.0 = Release|Any CPU
		{F7E756FF-CA22-490D-9880-24B6612D86E9}.Debug|Any CPU.ActiveCfg = Debug|Any CPU
		{F7E756FF-CA22-490D-9880-24B6612D86E9}.Debug|Any CPU.Build.0 = Debug|Any CPU
		{F7E756FF-CA22-490D-9880-24B6612D86E9}.Release|Any CPU.ActiveCfg = Release|Any CPU
		{F7E756FF-CA22-490D-9880-24B6612D86E9}.Release|Any CPU.Build.0 = Release|Any CPU
		{7FD17B9C-725C-4AFE-9DCF-5B5ED8FF1FD2}.Debug|Any CPU.ActiveCfg = Debug|Any CPU
		{7FD17B9C-725C-4AFE-9DCF-5B5ED8FF1FD2}.Debug|Any CPU.Build.0 = Debug|Any CPU
		{7FD17B9C-725C-4AFE-9DCF-5B5ED8FF1FD2}.Release|Any CPU.ActiveCfg = Release|Any CPU
		{7FD17B9C-725C-4AFE-9DCF-5B5ED8FF1FD2}.Release|Any CPU.Build.0 = Release|Any CPU
		{147D6504-4E16-468F-8470-EDC3E99BB5C8}.Debug|Any CPU.ActiveCfg = Debug|Any CPU
		{147D6504-4E16-468F-8470-EDC3E99BB5C8}.Debug|Any CPU.Build.0 = Debug|Any CPU
		{147D6504-4E16-468F-8470-EDC3E99BB5C8}.Release|Any CPU.ActiveCfg = Release|Any CPU
		{147D6504-4E16-468F-8470-EDC3E99BB5C8}.Release|Any CPU.Build.0 = Release|Any CPU
		{47E951EB-3895-420E-AC69-BCF57A9F5AEB}.Debug|Any CPU.ActiveCfg = Debug|Any CPU
		{47E951EB-3895-420E-AC69-BCF57A9F5AEB}.Debug|Any CPU.Build.0 = Debug|Any CPU
		{47E951EB-3895-420E-AC69-BCF57A9F5AEB}.Release|Any CPU.ActiveCfg = Release|Any CPU
		{47E951EB-3895-420E-AC69-BCF57A9F5AEB}.Release|Any CPU.Build.0 = Release|Any CPU
		{D47C0E77-7A82-421B-98D6-1F8DD8944EE2}.Debug|Any CPU.ActiveCfg = Debug|Any CPU
		{D47C0E77-7A82-421B-98D6-1F8DD8944EE2}.Debug|Any CPU.Build.0 = Debug|Any CPU
		{D47C0E77-7A82-421B-98D6-1F8DD8944EE2}.Release|Any CPU.ActiveCfg = Release|Any CPU
		{D47C0E77-7A82-421B-98D6-1F8DD8944EE2}.Release|Any CPU.Build.0 = Release|Any CPU
		{65C3A5CD-BA71-4908-8C69-513DF812D8E0}.Debug|Any CPU.ActiveCfg = Debug|Any CPU
		{65C3A5CD-BA71-4908-8C69-513DF812D8E0}.Debug|Any CPU.Build.0 = Debug|Any CPU
		{65C3A5CD-BA71-4908-8C69-513DF812D8E0}.Release|Any CPU.ActiveCfg = Release|Any CPU
		{65C3A5CD-BA71-4908-8C69-513DF812D8E0}.Release|Any CPU.Build.0 = Release|Any CPU
		{E009C703-8569-4069-AEE6-360B37830787}.Debug|Any CPU.ActiveCfg = Debug|Any CPU
		{E009C703-8569-4069-AEE6-360B37830787}.Debug|Any CPU.Build.0 = Debug|Any CPU
		{E009C703-8569-4069-AEE6-360B37830787}.Release|Any CPU.ActiveCfg = Release|Any CPU
		{E009C703-8569-4069-AEE6-360B37830787}.Release|Any CPU.Build.0 = Release|Any CPU
		{C1CAA4D5-60E4-4131-AB60-4B8DEA391D65}.Debug|Any CPU.ActiveCfg = Debug|Any CPU
		{C1CAA4D5-60E4-4131-AB60-4B8DEA391D65}.Debug|Any CPU.Build.0 = Debug|Any CPU
		{C1CAA4D5-60E4-4131-AB60-4B8DEA391D65}.Release|Any CPU.ActiveCfg = Release|Any CPU
		{C1CAA4D5-60E4-4131-AB60-4B8DEA391D65}.Release|Any CPU.Build.0 = Release|Any CPU
		{C6ADC311-8B0E-47E7-8268-0D5B0CE460ED}.Debug|Any CPU.ActiveCfg = Debug|Any CPU
		{C6ADC311-8B0E-47E7-8268-0D5B0CE460ED}.Debug|Any CPU.Build.0 = Debug|Any CPU
		{C6ADC311-8B0E-47E7-8268-0D5B0CE460ED}.Release|Any CPU.ActiveCfg = Release|Any CPU
		{C6ADC311-8B0E-47E7-8268-0D5B0CE460ED}.Release|Any CPU.Build.0 = Release|Any CPU
		{FA686390-CE42-4FF0-B030-D51F7A0A1519}.Debug|Any CPU.ActiveCfg = Debug|Any CPU
		{FA686390-CE42-4FF0-B030-D51F7A0A1519}.Debug|Any CPU.Build.0 = Debug|Any CPU
		{FA686390-CE42-4FF0-B030-D51F7A0A1519}.Release|Any CPU.ActiveCfg = Release|Any CPU
		{FA686390-CE42-4FF0-B030-D51F7A0A1519}.Release|Any CPU.Build.0 = Release|Any CPU
		{8F66CDF7-8901-4CDB-88F2-2421D6F05895}.Debug|Any CPU.ActiveCfg = Debug|Any CPU
		{8F66CDF7-8901-4CDB-88F2-2421D6F05895}.Debug|Any CPU.Build.0 = Debug|Any CPU
		{8F66CDF7-8901-4CDB-88F2-2421D6F05895}.Release|Any CPU.ActiveCfg = Release|Any CPU
		{8F66CDF7-8901-4CDB-88F2-2421D6F05895}.Release|Any CPU.Build.0 = Release|Any CPU
		{C5470681-3549-4556-BD00-3624FEC22805}.Debug|Any CPU.ActiveCfg = Debug|Any CPU
		{C5470681-3549-4556-BD00-3624FEC22805}.Debug|Any CPU.Build.0 = Debug|Any CPU
		{C5470681-3549-4556-BD00-3624FEC22805}.Release|Any CPU.ActiveCfg = Release|Any CPU
		{C5470681-3549-4556-BD00-3624FEC22805}.Release|Any CPU.Build.0 = Release|Any CPU
		{F9B779A3-BEB5-463E-AB18-2D11A293A1EE}.Debug|Any CPU.ActiveCfg = Debug|Any CPU
		{F9B779A3-BEB5-463E-AB18-2D11A293A1EE}.Debug|Any CPU.Build.0 = Debug|Any CPU
		{F9B779A3-BEB5-463E-AB18-2D11A293A1EE}.Release|Any CPU.ActiveCfg = Release|Any CPU
		{F9B779A3-BEB5-463E-AB18-2D11A293A1EE}.Release|Any CPU.Build.0 = Release|Any CPU
		{7653E296-BD96-4568-AFDA-D9DA033CE46B}.Debug|Any CPU.ActiveCfg = Debug|Any CPU
		{7653E296-BD96-4568-AFDA-D9DA033CE46B}.Debug|Any CPU.Build.0 = Debug|Any CPU
		{7653E296-BD96-4568-AFDA-D9DA033CE46B}.Release|Any CPU.ActiveCfg = Release|Any CPU
		{7653E296-BD96-4568-AFDA-D9DA033CE46B}.Release|Any CPU.Build.0 = Release|Any CPU
		{E2EA31F6-166C-43F0-AB67-97A5601F5A77}.Debug|Any CPU.ActiveCfg = Debug|Any CPU
		{E2EA31F6-166C-43F0-AB67-97A5601F5A77}.Debug|Any CPU.Build.0 = Debug|Any CPU
		{E2EA31F6-166C-43F0-AB67-97A5601F5A77}.Release|Any CPU.ActiveCfg = Release|Any CPU
		{E2EA31F6-166C-43F0-AB67-97A5601F5A77}.Release|Any CPU.Build.0 = Release|Any CPU
		{7B64D487-C9E8-4E23-98CF-6E1235A8E54E}.Debug|Any CPU.ActiveCfg = Debug|Any CPU
		{7B64D487-C9E8-4E23-98CF-6E1235A8E54E}.Debug|Any CPU.Build.0 = Debug|Any CPU
		{7B64D487-C9E8-4E23-98CF-6E1235A8E54E}.Release|Any CPU.ActiveCfg = Release|Any CPU
		{7B64D487-C9E8-4E23-98CF-6E1235A8E54E}.Release|Any CPU.Build.0 = Release|Any CPU
		{B3DD7A60-93CF-490D-8EC7-1171AD631FC4}.Debug|Any CPU.ActiveCfg = Debug|Any CPU
		{B3DD7A60-93CF-490D-8EC7-1171AD631FC4}.Debug|Any CPU.Build.0 = Debug|Any CPU
		{B3DD7A60-93CF-490D-8EC7-1171AD631FC4}.Release|Any CPU.ActiveCfg = Release|Any CPU
		{B3DD7A60-93CF-490D-8EC7-1171AD631FC4}.Release|Any CPU.Build.0 = Release|Any CPU
		{B8C23376-380E-4F4F-90BA-C3258E245D1B}.Debug|Any CPU.ActiveCfg = Debug|Any CPU
		{B8C23376-380E-4F4F-90BA-C3258E245D1B}.Debug|Any CPU.Build.0 = Debug|Any CPU
		{B8C23376-380E-4F4F-90BA-C3258E245D1B}.Release|Any CPU.ActiveCfg = Release|Any CPU
		{B8C23376-380E-4F4F-90BA-C3258E245D1B}.Release|Any CPU.Build.0 = Release|Any CPU
		{96C473EE-391B-4932-A482-EBC87A23D66E}.Debug|Any CPU.ActiveCfg = Debug|Any CPU
		{96C473EE-391B-4932-A482-EBC87A23D66E}.Debug|Any CPU.Build.0 = Debug|Any CPU
		{96C473EE-391B-4932-A482-EBC87A23D66E}.Release|Any CPU.ActiveCfg = Release|Any CPU
		{96C473EE-391B-4932-A482-EBC87A23D66E}.Release|Any CPU.Build.0 = Release|Any CPU
		{0CB12427-3533-4471-873F-43885640A9D9}.Debug|Any CPU.ActiveCfg = Debug|Any CPU
		{0CB12427-3533-4471-873F-43885640A9D9}.Debug|Any CPU.Build.0 = Debug|Any CPU
		{0CB12427-3533-4471-873F-43885640A9D9}.Release|Any CPU.ActiveCfg = Release|Any CPU
		{0CB12427-3533-4471-873F-43885640A9D9}.Release|Any CPU.Build.0 = Release|Any CPU
		{7BB13703-4F07-44F7-95B3-E344AA49E98C}.Debug|Any CPU.ActiveCfg = Debug|Any CPU
		{7BB13703-4F07-44F7-95B3-E344AA49E98C}.Debug|Any CPU.Build.0 = Debug|Any CPU
		{7BB13703-4F07-44F7-95B3-E344AA49E98C}.Release|Any CPU.ActiveCfg = Release|Any CPU
		{7BB13703-4F07-44F7-95B3-E344AA49E98C}.Release|Any CPU.Build.0 = Release|Any CPU
		{3DD51B5E-33DA-402B-A615-25161C5A3A0B}.Debug|Any CPU.ActiveCfg = Debug|Any CPU
		{3DD51B5E-33DA-402B-A615-25161C5A3A0B}.Debug|Any CPU.Build.0 = Debug|Any CPU
		{3DD51B5E-33DA-402B-A615-25161C5A3A0B}.Release|Any CPU.ActiveCfg = Release|Any CPU
		{3DD51B5E-33DA-402B-A615-25161C5A3A0B}.Release|Any CPU.Build.0 = Release|Any CPU
		{9458033F-7159-4DC3-A0D9-A36BBB05D07C}.Debug|Any CPU.ActiveCfg = Debug|Any CPU
		{9458033F-7159-4DC3-A0D9-A36BBB05D07C}.Debug|Any CPU.Build.0 = Debug|Any CPU
		{9458033F-7159-4DC3-A0D9-A36BBB05D07C}.Release|Any CPU.ActiveCfg = Release|Any CPU
		{9458033F-7159-4DC3-A0D9-A36BBB05D07C}.Release|Any CPU.Build.0 = Release|Any CPU
		{664BBF27-B24A-40F8-BCAD-AEEB75440616}.Debug|Any CPU.ActiveCfg = Debug|Any CPU
		{664BBF27-B24A-40F8-BCAD-AEEB75440616}.Debug|Any CPU.Build.0 = Debug|Any CPU
		{664BBF27-B24A-40F8-BCAD-AEEB75440616}.Release|Any CPU.ActiveCfg = Release|Any CPU
		{664BBF27-B24A-40F8-BCAD-AEEB75440616}.Release|Any CPU.Build.0 = Release|Any CPU
		{F453FAD7-8251-4406-9BD2-D263110A6F76}.Debug|Any CPU.ActiveCfg = Debug|Any CPU
		{F453FAD7-8251-4406-9BD2-D263110A6F76}.Debug|Any CPU.Build.0 = Debug|Any CPU
		{F453FAD7-8251-4406-9BD2-D263110A6F76}.Release|Any CPU.ActiveCfg = Release|Any CPU
		{F453FAD7-8251-4406-9BD2-D263110A6F76}.Release|Any CPU.Build.0 = Release|Any CPU
		{AA485A8A-6A3B-4D1A-AD4B-75A776A71C5F}.Debug|Any CPU.ActiveCfg = Debug|Any CPU
		{AA485A8A-6A3B-4D1A-AD4B-75A776A71C5F}.Debug|Any CPU.Build.0 = Debug|Any CPU
		{AA485A8A-6A3B-4D1A-AD4B-75A776A71C5F}.Release|Any CPU.ActiveCfg = Release|Any CPU
		{AA485A8A-6A3B-4D1A-AD4B-75A776A71C5F}.Release|Any CPU.Build.0 = Release|Any CPU
		{6C3A3FEF-6ADC-4873-9C79-E050B0BCB22F}.Debug|Any CPU.ActiveCfg = Debug|Any CPU
		{6C3A3FEF-6ADC-4873-9C79-E050B0BCB22F}.Debug|Any CPU.Build.0 = Debug|Any CPU
		{6C3A3FEF-6ADC-4873-9C79-E050B0BCB22F}.Release|Any CPU.ActiveCfg = Release|Any CPU
		{6C3A3FEF-6ADC-4873-9C79-E050B0BCB22F}.Release|Any CPU.Build.0 = Release|Any CPU
		{B8D39414-F092-4E73-80F0-A8ECEA024DCD}.Debug|Any CPU.ActiveCfg = Debug|Any CPU
		{B8D39414-F092-4E73-80F0-A8ECEA024DCD}.Debug|Any CPU.Build.0 = Debug|Any CPU
		{B8D39414-F092-4E73-80F0-A8ECEA024DCD}.Release|Any CPU.ActiveCfg = Release|Any CPU
		{B8D39414-F092-4E73-80F0-A8ECEA024DCD}.Release|Any CPU.Build.0 = Release|Any CPU
		{6C8536BF-D157-4E55-BC92-21826A9105B8}.Debug|Any CPU.ActiveCfg = Debug|Any CPU
		{6C8536BF-D157-4E55-BC92-21826A9105B8}.Debug|Any CPU.Build.0 = Debug|Any CPU
		{6C8536BF-D157-4E55-BC92-21826A9105B8}.Release|Any CPU.ActiveCfg = Release|Any CPU
		{6C8536BF-D157-4E55-BC92-21826A9105B8}.Release|Any CPU.Build.0 = Release|Any CPU
		{4F0AD475-EC36-407F-939D-CA8CCE70B141}.Debug|Any CPU.ActiveCfg = Debug|Any CPU
		{4F0AD475-EC36-407F-939D-CA8CCE70B141}.Debug|Any CPU.Build.0 = Debug|Any CPU
		{4F0AD475-EC36-407F-939D-CA8CCE70B141}.Release|Any CPU.ActiveCfg = Release|Any CPU
		{4F0AD475-EC36-407F-939D-CA8CCE70B141}.Release|Any CPU.Build.0 = Release|Any CPU
		{EF6B8723-28B0-41EF-9A6C-0FEDE47B3C26}.Debug|Any CPU.ActiveCfg = Debug|Any CPU
		{EF6B8723-28B0-41EF-9A6C-0FEDE47B3C26}.Debug|Any CPU.Build.0 = Debug|Any CPU
		{EF6B8723-28B0-41EF-9A6C-0FEDE47B3C26}.Release|Any CPU.ActiveCfg = Release|Any CPU
		{EF6B8723-28B0-41EF-9A6C-0FEDE47B3C26}.Release|Any CPU.Build.0 = Release|Any CPU
		{B336BCA9-56C8-4E2B-91E7-E5490595D1E7}.Debug|Any CPU.ActiveCfg = Debug|Any CPU
		{B336BCA9-56C8-4E2B-91E7-E5490595D1E7}.Debug|Any CPU.Build.0 = Debug|Any CPU
		{B336BCA9-56C8-4E2B-91E7-E5490595D1E7}.Release|Any CPU.ActiveCfg = Release|Any CPU
		{B336BCA9-56C8-4E2B-91E7-E5490595D1E7}.Release|Any CPU.Build.0 = Release|Any CPU
		{3B07485D-277B-4B4A-B267-D74F276D97CB}.Debug|Any CPU.ActiveCfg = Debug|Any CPU
		{3B07485D-277B-4B4A-B267-D74F276D97CB}.Debug|Any CPU.Build.0 = Debug|Any CPU
		{3B07485D-277B-4B4A-B267-D74F276D97CB}.Release|Any CPU.ActiveCfg = Release|Any CPU
		{3B07485D-277B-4B4A-B267-D74F276D97CB}.Release|Any CPU.Build.0 = Release|Any CPU
		{B67451B5-D213-42CF-93CA-7468BE58BF34}.Debug|Any CPU.ActiveCfg = Debug|Any CPU
		{B67451B5-D213-42CF-93CA-7468BE58BF34}.Debug|Any CPU.Build.0 = Debug|Any CPU
		{B67451B5-D213-42CF-93CA-7468BE58BF34}.Release|Any CPU.ActiveCfg = Release|Any CPU
		{B67451B5-D213-42CF-93CA-7468BE58BF34}.Release|Any CPU.Build.0 = Release|Any CPU
		{B890F23F-2B7B-49C1-9E01-C273644F0F8E}.Debug|Any CPU.ActiveCfg = Debug|Any CPU
		{B890F23F-2B7B-49C1-9E01-C273644F0F8E}.Debug|Any CPU.Build.0 = Debug|Any CPU
		{B890F23F-2B7B-49C1-9E01-C273644F0F8E}.Release|Any CPU.ActiveCfg = Release|Any CPU
		{B890F23F-2B7B-49C1-9E01-C273644F0F8E}.Release|Any CPU.Build.0 = Release|Any CPU
		{4E98C3F8-D5BF-403A-9861-CD752BD6E167}.Debug|Any CPU.ActiveCfg = Debug|Any CPU
		{4E98C3F8-D5BF-403A-9861-CD752BD6E167}.Debug|Any CPU.Build.0 = Debug|Any CPU
		{4E98C3F8-D5BF-403A-9861-CD752BD6E167}.Release|Any CPU.ActiveCfg = Release|Any CPU
		{4E98C3F8-D5BF-403A-9861-CD752BD6E167}.Release|Any CPU.Build.0 = Release|Any CPU
		{959C7BBF-DA91-40A9-AEBA-F8C898737DE5}.Debug|Any CPU.ActiveCfg = Debug|Any CPU
		{959C7BBF-DA91-40A9-AEBA-F8C898737DE5}.Debug|Any CPU.Build.0 = Debug|Any CPU
		{959C7BBF-DA91-40A9-AEBA-F8C898737DE5}.Release|Any CPU.ActiveCfg = Release|Any CPU
		{959C7BBF-DA91-40A9-AEBA-F8C898737DE5}.Release|Any CPU.Build.0 = Release|Any CPU
		{735CD674-16CF-40CF-B564-14B73994892A}.Debug|Any CPU.ActiveCfg = Debug|Any CPU
		{735CD674-16CF-40CF-B564-14B73994892A}.Debug|Any CPU.Build.0 = Debug|Any CPU
		{735CD674-16CF-40CF-B564-14B73994892A}.Release|Any CPU.ActiveCfg = Release|Any CPU
		{735CD674-16CF-40CF-B564-14B73994892A}.Release|Any CPU.Build.0 = Release|Any CPU
		{2A97E46D-B04A-4815-83F4-A599BEE038DC}.Debug|Any CPU.ActiveCfg = Debug|Any CPU
		{2A97E46D-B04A-4815-83F4-A599BEE038DC}.Debug|Any CPU.Build.0 = Debug|Any CPU
		{2A97E46D-B04A-4815-83F4-A599BEE038DC}.Release|Any CPU.ActiveCfg = Release|Any CPU
		{2A97E46D-B04A-4815-83F4-A599BEE038DC}.Release|Any CPU.Build.0 = Release|Any CPU
		{72FE49C1-A176-446F-82CA-63A06D7EE970}.Debug|Any CPU.ActiveCfg = Debug|Any CPU
		{72FE49C1-A176-446F-82CA-63A06D7EE970}.Debug|Any CPU.Build.0 = Debug|Any CPU
		{72FE49C1-A176-446F-82CA-63A06D7EE970}.Release|Any CPU.ActiveCfg = Release|Any CPU
		{72FE49C1-A176-446F-82CA-63A06D7EE970}.Release|Any CPU.Build.0 = Release|Any CPU
		{9B541153-78E5-4AD3-B6CE-183ACC9ED9A7}.Debug|Any CPU.ActiveCfg = Debug|Any CPU
		{9B541153-78E5-4AD3-B6CE-183ACC9ED9A7}.Debug|Any CPU.Build.0 = Debug|Any CPU
		{9B541153-78E5-4AD3-B6CE-183ACC9ED9A7}.Release|Any CPU.ActiveCfg = Release|Any CPU
		{9B541153-78E5-4AD3-B6CE-183ACC9ED9A7}.Release|Any CPU.Build.0 = Release|Any CPU
		{BC1199F2-C747-4A43-BF11-39A80E6A7C0D}.Debug|Any CPU.ActiveCfg = Debug|Any CPU
		{BC1199F2-C747-4A43-BF11-39A80E6A7C0D}.Debug|Any CPU.Build.0 = Debug|Any CPU
		{BC1199F2-C747-4A43-BF11-39A80E6A7C0D}.Release|Any CPU.ActiveCfg = Release|Any CPU
		{BC1199F2-C747-4A43-BF11-39A80E6A7C0D}.Release|Any CPU.Build.0 = Release|Any CPU
		{9490BE40-B095-4971-8FF3-4D8B98EAE8B5}.Debug|Any CPU.ActiveCfg = Debug|Any CPU
		{9490BE40-B095-4971-8FF3-4D8B98EAE8B5}.Debug|Any CPU.Build.0 = Debug|Any CPU
		{9490BE40-B095-4971-8FF3-4D8B98EAE8B5}.Release|Any CPU.ActiveCfg = Release|Any CPU
		{9490BE40-B095-4971-8FF3-4D8B98EAE8B5}.Release|Any CPU.Build.0 = Release|Any CPU
		{3633E029-0278-4BC8-A812-7FAAD49D7F4B}.Debug|Any CPU.ActiveCfg = Debug|Any CPU
		{3633E029-0278-4BC8-A812-7FAAD49D7F4B}.Debug|Any CPU.Build.0 = Debug|Any CPU
		{3633E029-0278-4BC8-A812-7FAAD49D7F4B}.Release|Any CPU.ActiveCfg = Release|Any CPU
		{3633E029-0278-4BC8-A812-7FAAD49D7F4B}.Release|Any CPU.Build.0 = Release|Any CPU
		{2FC5F0A5-8552-47A6-9E36-413152992887}.Debug|Any CPU.ActiveCfg = Debug|Any CPU
		{2FC5F0A5-8552-47A6-9E36-413152992887}.Debug|Any CPU.Build.0 = Debug|Any CPU
		{2FC5F0A5-8552-47A6-9E36-413152992887}.Release|Any CPU.ActiveCfg = Release|Any CPU
		{2FC5F0A5-8552-47A6-9E36-413152992887}.Release|Any CPU.Build.0 = Release|Any CPU
	EndGlobalSection
	GlobalSection(SolutionProperties) = preSolution
		HideSolutionNode = FALSE
	EndGlobalSection
	GlobalSection(NestedProjects) = preSolution
		{F8DE20EF-F7D7-48AA-9CF8-9998EF8ACC11} = {B313B289-1FE7-4DB1-9DD4-94BC69A5BAB9}
		{16346FC0-1332-41C2-8904-966CA0B39C1C} = {B313B289-1FE7-4DB1-9DD4-94BC69A5BAB9}
		{F065AC9E-96E2-452E-96B6-FA537619C9A8} = {B313B289-1FE7-4DB1-9DD4-94BC69A5BAB9}
		{B6928DC1-6BE8-437B-8E3E-AED79FC30656} = {B313B289-1FE7-4DB1-9DD4-94BC69A5BAB9}
		{79C89906-E6C9-4623-BF31-6E6AFB8292DE} = {B313B289-1FE7-4DB1-9DD4-94BC69A5BAB9}
		{6233EC17-33B5-4476-9903-FB3304450EBD} = {B313B289-1FE7-4DB1-9DD4-94BC69A5BAB9}
		{4C0AC3D3-B6FA-49CF-9051-E96B3F9D38B3} = {B313B289-1FE7-4DB1-9DD4-94BC69A5BAB9}
		{9B95BA44-35F2-44A2-B9FD-18C07D08F2CB} = {79952095-564F-4BBA-9DAC-17D3898B6614}
		{2BFEC395-9565-4180-A398-F6F168195CFA} = {79952095-564F-4BBA-9DAC-17D3898B6614}
		{F0D143C1-87B2-4D80-9804-9B2560A6E4C3} = {8C1491C4-25E1-4DF6-9205-66FCC2A1C36A}
		{09E130E2-A78C-444D-8D6E-77DE7A0CFBC4} = {F0D143C1-87B2-4D80-9804-9B2560A6E4C3}
		{F15B702D-69C6-49E0-9442-DCCADD3EFEC5} = {F0D143C1-87B2-4D80-9804-9B2560A6E4C3}
		{974497E4-B422-474C-A9EC-18FBE28C07B3} = {8C1491C4-25E1-4DF6-9205-66FCC2A1C36A}
		{145E5697-1AE6-4491-827E-AC3A8F30BAA4} = {974497E4-B422-474C-A9EC-18FBE28C07B3}
		{6DB748BD-76E9-4ECB-8C95-EA12AAB2A126} = {974497E4-B422-474C-A9EC-18FBE28C07B3}
		{2485B218-E6CF-4E03-8466-13D14113183A} = {8C1491C4-25E1-4DF6-9205-66FCC2A1C36A}
		{A2CE5D27-910B-48EB-86A6-865FDE9B12F3} = {2485B218-E6CF-4E03-8466-13D14113183A}
		{28C2CC3E-D5D0-4757-B808-B992D982ECDE} = {2485B218-E6CF-4E03-8466-13D14113183A}
		{B6B1F463-EAD8-474A-8EBF-6BFCF488B740} = {8C1491C4-25E1-4DF6-9205-66FCC2A1C36A}
		{506844AA-ED9E-483E-A6F1-E7F1E74548CE} = {B6B1F463-EAD8-474A-8EBF-6BFCF488B740}
		{C4CB6355-0D94-49FB-8DDC-43CD66F2C1BB} = {B6B1F463-EAD8-474A-8EBF-6BFCF488B740}
		{DED76014-3FE7-489C-9F44-8D8C9C327C2C} = {8C1491C4-25E1-4DF6-9205-66FCC2A1C36A}
		{8959652F-5D75-4CB5-9FEE-3DF35AE69132} = {DED76014-3FE7-489C-9F44-8D8C9C327C2C}
		{A6792782-A16C-4652-BD92-7E8D467807ED} = {DED76014-3FE7-489C-9F44-8D8C9C327C2C}
		{372E59AE-614D-408E-8196-EE552025B3CC} = {8C1491C4-25E1-4DF6-9205-66FCC2A1C36A}
		{5CA1D213-877E-4131-9CC2-AF150F764D3F} = {372E59AE-614D-408E-8196-EE552025B3CC}
		{3522F0D4-964C-4EDC-BA8C-0D0F31C71BFC} = {372E59AE-614D-408E-8196-EE552025B3CC}
		{5ED183EC-8C72-4298-A3F0-C03BC7DEA5B5} = {DAC26608-DE94-4B4F-8F2A-1443DDB64407}
		{C4A846F6-062D-4AE6-8D25-0284856CF4E8} = {5ED183EC-8C72-4298-A3F0-C03BC7DEA5B5}
		{BB5A244B-1CE5-4812-8281-0DD56B6DEBA4} = {5ED183EC-8C72-4298-A3F0-C03BC7DEA5B5}
		{B3CFFD29-B885-4EB5-92BE-46EE658FD78A} = {DAC26608-DE94-4B4F-8F2A-1443DDB64407}
		{695FE718-5837-410C-86C3-E0AEE9C5E3F7} = {B3CFFD29-B885-4EB5-92BE-46EE658FD78A}
		{3DFF67BA-7417-42C2-BB02-628693DB4974} = {B3CFFD29-B885-4EB5-92BE-46EE658FD78A}
		{ECF996B7-1053-40DB-AD7B-39190C7EFEA6} = {DAC26608-DE94-4B4F-8F2A-1443DDB64407}
		{CD5A1DB8-2B45-4B42-8E2E-91BBAAAC9E49} = {ECF996B7-1053-40DB-AD7B-39190C7EFEA6}
		{EAB0F7E6-93C1-41BE-BC07-903BFE4C2F17} = {ECF996B7-1053-40DB-AD7B-39190C7EFEA6}
		{E9A317D5-DD5A-4CDF-BC24-C8FFF4B1A007} = {DAC26608-DE94-4B4F-8F2A-1443DDB64407}
		{B5022F18-674E-493D-8FB3-DC0DD224ED4C} = {E9A317D5-DD5A-4CDF-BC24-C8FFF4B1A007}
		{DD12D5AD-BF28-4264-9318-16A3DD8B0C43} = {E9A317D5-DD5A-4CDF-BC24-C8FFF4B1A007}
		{E50A4DB8-FEDD-4DB6-B65D-D94575BC6600} = {DAC26608-DE94-4B4F-8F2A-1443DDB64407}
		{F8F8F915-5330-49F6-B6DE-CB66F9151842} = {E50A4DB8-FEDD-4DB6-B65D-D94575BC6600}
		{44E3998F-5383-409D-8811-9EDCF2AC5FC4} = {DAC26608-DE94-4B4F-8F2A-1443DDB64407}
		{27CA55E0-F6E5-4FB8-A060-83E187063841} = {44E3998F-5383-409D-8811-9EDCF2AC5FC4}
		{E72E3F48-758B-4112-AFFF-B328ED2B4959} = {DAC26608-DE94-4B4F-8F2A-1443DDB64407}
		{B920A404-BC58-4548-94A9-B0EE02B64D1E} = {E72E3F48-758B-4112-AFFF-B328ED2B4959}
		{B890F66C-C2E8-47D4-90B5-B6D0B612F867} = {E72E3F48-758B-4112-AFFF-B328ED2B4959}
		{6679B6F4-2501-4F21-9C3B-C36B7002C35B} = {DAC26608-DE94-4B4F-8F2A-1443DDB64407}
		{32253111-5A88-4540-AE71-2584924C0AC1} = {6679B6F4-2501-4F21-9C3B-C36B7002C35B}
		{045CADEA-9473-4DCF-B734-54EF334B4348} = {DAC26608-DE94-4B4F-8F2A-1443DDB64407}
		{C1CA88BF-A947-46C9-90E6-76D199A3B17F} = {045CADEA-9473-4DCF-B734-54EF334B4348}
		{738C97E8-CE6A-491C-A4C7-F2D264E279DD} = {DAC26608-DE94-4B4F-8F2A-1443DDB64407}
		{AFBE6635-53B4-4532-A57F-9345D7065EE6} = {738C97E8-CE6A-491C-A4C7-F2D264E279DD}
		{8AFDC1FD-417F-45A7-B3EB-AB064DD2BA45} = {738C97E8-CE6A-491C-A4C7-F2D264E279DD}
		{6429680B-98F4-403B-9952-6DA278BC9AF9} = {DAC26608-DE94-4B4F-8F2A-1443DDB64407}
		{666CC30B-6583-425B-9514-C9C4FA6F72F7} = {6429680B-98F4-403B-9952-6DA278BC9AF9}
		{D7F8546F-A7D0-4213-ADCF-4A079F856773} = {DAC26608-DE94-4B4F-8F2A-1443DDB64407}
		{33CAA234-58F6-49A8-94D9-48EFD8B9AEBD} = {D7F8546F-A7D0-4213-ADCF-4A079F856773}
		{E2B5F7E7-FD63-43CE-B7EF-54E745A99806} = {D7F8546F-A7D0-4213-ADCF-4A079F856773}
		{1E3C8F6F-18CC-4F39-B6BF-600592A37408} = {DAC26608-DE94-4B4F-8F2A-1443DDB64407}
		{79093C12-1877-4B2F-94E7-59ADDEE37E5B} = {1E3C8F6F-18CC-4F39-B6BF-600592A37408}
		{8405BCC4-B41B-4B8A-9083-4FA44784EF59} = {1E3C8F6F-18CC-4F39-B6BF-600592A37408}
		{1498275E-7639-47C5-9D75-65E97AFA71BA} = {8403B7D1-D00A-4F79-9F69-F55B42A6BCA8}
		{F13ECBCF-BA2F-4551-8595-90F05D6467A7} = {1498275E-7639-47C5-9D75-65E97AFA71BA}
		{98EBF56A-79E8-47C2-B1F6-9B06065B75DB} = {1498275E-7639-47C5-9D75-65E97AFA71BA}
		{9FC184DA-7D50-4DBD-8CAB-3CC57181C379} = {8403B7D1-D00A-4F79-9F69-F55B42A6BCA8}
		{E0407962-E3C7-4139-BB0A-EEDA460BA706} = {9FC184DA-7D50-4DBD-8CAB-3CC57181C379}
		{BE5BD50B-F91D-42A0-A3BF-3322312F2985} = {9FC184DA-7D50-4DBD-8CAB-3CC57181C379}
		{C6C5B7EB-0BF5-48BF-86A5-581CFCCC543F} = {8403B7D1-D00A-4F79-9F69-F55B42A6BCA8}
		{4484778E-A8DD-41CF-9533-E18707A1FF05} = {C6C5B7EB-0BF5-48BF-86A5-581CFCCC543F}
		{F7E756FF-CA22-490D-9880-24B6612D86E9} = {C6C5B7EB-0BF5-48BF-86A5-581CFCCC543F}
		{2D96DFE7-342B-483C-B8D8-3BE3B58B6250} = {8403B7D1-D00A-4F79-9F69-F55B42A6BCA8}
		{7FD17B9C-725C-4AFE-9DCF-5B5ED8FF1FD2} = {2D96DFE7-342B-483C-B8D8-3BE3B58B6250}
		{147D6504-4E16-468F-8470-EDC3E99BB5C8} = {2D96DFE7-342B-483C-B8D8-3BE3B58B6250}
		{9458042C-066F-4E18-A09B-3236C4DFFA2D} = {8403B7D1-D00A-4F79-9F69-F55B42A6BCA8}
		{47E951EB-3895-420E-AC69-BCF57A9F5AEB} = {9458042C-066F-4E18-A09B-3236C4DFFA2D}
		{D47C0E77-7A82-421B-98D6-1F8DD8944EE2} = {9458042C-066F-4E18-A09B-3236C4DFFA2D}
		{2FD45F4C-3A48-4D01-A9BF-551FC413137E} = {8403B7D1-D00A-4F79-9F69-F55B42A6BCA8}
		{65C3A5CD-BA71-4908-8C69-513DF812D8E0} = {2FD45F4C-3A48-4D01-A9BF-551FC413137E}
		{E009C703-8569-4069-AEE6-360B37830787} = {2FD45F4C-3A48-4D01-A9BF-551FC413137E}
		{5A66831A-B179-4BF8-A812-594F7597CC38} = {8403B7D1-D00A-4F79-9F69-F55B42A6BCA8}
		{C1CAA4D5-60E4-4131-AB60-4B8DEA391D65} = {5A66831A-B179-4BF8-A812-594F7597CC38}
		{C6ADC311-8B0E-47E7-8268-0D5B0CE460ED} = {5A66831A-B179-4BF8-A812-594F7597CC38}
		{D2753A80-B08A-4AA2-A55E-50C41CCEC811} = {8403B7D1-D00A-4F79-9F69-F55B42A6BCA8}
		{FA686390-CE42-4FF0-B030-D51F7A0A1519} = {D2753A80-B08A-4AA2-A55E-50C41CCEC811}
		{8F66CDF7-8901-4CDB-88F2-2421D6F05895} = {D2753A80-B08A-4AA2-A55E-50C41CCEC811}
		{11AC1D0C-C8C6-498C-B9AC-EC6B2C5E9C43} = {8403B7D1-D00A-4F79-9F69-F55B42A6BCA8}
		{C5470681-3549-4556-BD00-3624FEC22805} = {11AC1D0C-C8C6-498C-B9AC-EC6B2C5E9C43}
		{F9B779A3-BEB5-463E-AB18-2D11A293A1EE} = {11AC1D0C-C8C6-498C-B9AC-EC6B2C5E9C43}
		{21920CDB-E595-43A8-B99D-BD03DCDED1CD} = {E7EA84E8-A5DE-4994-B217-553F47001FCE}
		{7653E296-BD96-4568-AFDA-D9DA033CE46B} = {21920CDB-E595-43A8-B99D-BD03DCDED1CD}
		{E2EA31F6-166C-43F0-AB67-97A5601F5A77} = {21920CDB-E595-43A8-B99D-BD03DCDED1CD}
		{E54FFEC7-F27E-4E4D-B76E-E0426DB8AB6E} = {E7EA84E8-A5DE-4994-B217-553F47001FCE}
		{7B64D487-C9E8-4E23-98CF-6E1235A8E54E} = {E54FFEC7-F27E-4E4D-B76E-E0426DB8AB6E}
		{B3DD7A60-93CF-490D-8EC7-1171AD631FC4} = {E54FFEC7-F27E-4E4D-B76E-E0426DB8AB6E}
		{713649EC-AB61-46B5-B159-B9CBEE50F78A} = {E7EA84E8-A5DE-4994-B217-553F47001FCE}
		{B8C23376-380E-4F4F-90BA-C3258E245D1B} = {713649EC-AB61-46B5-B159-B9CBEE50F78A}
		{96C473EE-391B-4932-A482-EBC87A23D66E} = {713649EC-AB61-46B5-B159-B9CBEE50F78A}
		{F1E3A3DB-E6EC-4D0F-A587-48F72D2E8059} = {D9D7853F-1FBA-4DF9-BC57-8DF24DB95CCB}
		{0CB12427-3533-4471-873F-43885640A9D9} = {F1E3A3DB-E6EC-4D0F-A587-48F72D2E8059}
		{7BB13703-4F07-44F7-95B3-E344AA49E98C} = {F1E3A3DB-E6EC-4D0F-A587-48F72D2E8059}
		{6F19184D-21A1-4E15-B1CC-89AD03126191} = {D9D7853F-1FBA-4DF9-BC57-8DF24DB95CCB}
		{3DD51B5E-33DA-402B-A615-25161C5A3A0B} = {6F19184D-21A1-4E15-B1CC-89AD03126191}
		{9458033F-7159-4DC3-A0D9-A36BBB05D07C} = {6F19184D-21A1-4E15-B1CC-89AD03126191}
		{6A958147-FC37-4F3E-858D-F602EDA89A8B} = {D9D7853F-1FBA-4DF9-BC57-8DF24DB95CCB}
		{664BBF27-B24A-40F8-BCAD-AEEB75440616} = {6A958147-FC37-4F3E-858D-F602EDA89A8B}
		{F453FAD7-8251-4406-9BD2-D263110A6F76} = {6A958147-FC37-4F3E-858D-F602EDA89A8B}
		{372E8004-62E7-47D6-B7B4-67B2C51BE156} = {D9D7853F-1FBA-4DF9-BC57-8DF24DB95CCB}
		{AA485A8A-6A3B-4D1A-AD4B-75A776A71C5F} = {372E8004-62E7-47D6-B7B4-67B2C51BE156}
		{6C3A3FEF-6ADC-4873-9C79-E050B0BCB22F} = {372E8004-62E7-47D6-B7B4-67B2C51BE156}
		{44B0ACA9-382D-42C4-9FA0-CA68F5248CFB} = {D9D7853F-1FBA-4DF9-BC57-8DF24DB95CCB}
		{B8D39414-F092-4E73-80F0-A8ECEA024DCD} = {44B0ACA9-382D-42C4-9FA0-CA68F5248CFB}
		{6C8536BF-D157-4E55-BC92-21826A9105B8} = {44B0ACA9-382D-42C4-9FA0-CA68F5248CFB}
		{C86D4D41-C405-439E-99F9-CC2514F66206} = {D9D7853F-1FBA-4DF9-BC57-8DF24DB95CCB}
		{4F0AD475-EC36-407F-939D-CA8CCE70B141} = {C86D4D41-C405-439E-99F9-CC2514F66206}
		{EF6B8723-28B0-41EF-9A6C-0FEDE47B3C26} = {C86D4D41-C405-439E-99F9-CC2514F66206}
		{C529B915-FEA0-46F6-91DD-B67D9AD8E151} = {D9D7853F-1FBA-4DF9-BC57-8DF24DB95CCB}
		{B336BCA9-56C8-4E2B-91E7-E5490595D1E7} = {C529B915-FEA0-46F6-91DD-B67D9AD8E151}
		{3B07485D-277B-4B4A-B267-D74F276D97CB} = {C529B915-FEA0-46F6-91DD-B67D9AD8E151}
		{AC866507-756E-4B96-87B5-DA2DE37EC61E} = {D9D7853F-1FBA-4DF9-BC57-8DF24DB95CCB}
		{B67451B5-D213-42CF-93CA-7468BE58BF34} = {AC866507-756E-4B96-87B5-DA2DE37EC61E}
		{B890F23F-2B7B-49C1-9E01-C273644F0F8E} = {AC866507-756E-4B96-87B5-DA2DE37EC61E}
		{40A85AE9-603D-4BA8-B3C4-1E3261EB7E5F} = {D9D7853F-1FBA-4DF9-BC57-8DF24DB95CCB}
		{4E98C3F8-D5BF-403A-9861-CD752BD6E167} = {40A85AE9-603D-4BA8-B3C4-1E3261EB7E5F}
		{959C7BBF-DA91-40A9-AEBA-F8C898737DE5} = {40A85AE9-603D-4BA8-B3C4-1E3261EB7E5F}
		{3E8D6342-8C3A-4D85-B089-EBAF2CCB38C2} = {D9D7853F-1FBA-4DF9-BC57-8DF24DB95CCB}
		{735CD674-16CF-40CF-B564-14B73994892A} = {3E8D6342-8C3A-4D85-B089-EBAF2CCB38C2}
		{2A97E46D-B04A-4815-83F4-A599BEE038DC} = {3E8D6342-8C3A-4D85-B089-EBAF2CCB38C2}
		{22AF3620-4267-46E9-9B8D-F40A4EC13527} = {D9D7853F-1FBA-4DF9-BC57-8DF24DB95CCB}
		{72FE49C1-A176-446F-82CA-63A06D7EE970} = {22AF3620-4267-46E9-9B8D-F40A4EC13527}
		{CEAE87EF-FBB6-43FD-8E22-9E7A88F5D788} = {D9D7853F-1FBA-4DF9-BC57-8DF24DB95CCB}
		{9B541153-78E5-4AD3-B6CE-183ACC9ED9A7} = {CEAE87EF-FBB6-43FD-8E22-9E7A88F5D788}
		{5BE5660B-F879-4925-916B-E7E9C98B1A27} = {D9D7853F-1FBA-4DF9-BC57-8DF24DB95CCB}
		{BC1199F2-C747-4A43-BF11-39A80E6A7C0D} = {5BE5660B-F879-4925-916B-E7E9C98B1A27}
		{D07CC543-8D67-4065-B3AC-5DB5CBE454FB} = {D9D7853F-1FBA-4DF9-BC57-8DF24DB95CCB}
		{9490BE40-B095-4971-8FF3-4D8B98EAE8B5} = {D07CC543-8D67-4065-B3AC-5DB5CBE454FB}
		{7A935F49-E45E-4730-93FD-FF96296ADD9F} = {D9D7853F-1FBA-4DF9-BC57-8DF24DB95CCB}
		{3633E029-0278-4BC8-A812-7FAAD49D7F4B} = {7A935F49-E45E-4730-93FD-FF96296ADD9F}
		{B773A1F7-5CE1-4676-9E08-C9BF24329939} = {D9D7853F-1FBA-4DF9-BC57-8DF24DB95CCB}
		{2FC5F0A5-8552-47A6-9E36-413152992887} = {B773A1F7-5CE1-4676-9E08-C9BF24329939}
	EndGlobalSection
	GlobalSection(ExtensibilityGlobals) = postSolution
		SolutionGuid = {8C7ABF2C-850A-4746-B25E-20E67A3F5F1F}
	EndGlobalSection
EndGlobal
